// !$*UTF8*$!
{
	archiveVersion = 1;
	classes = {
	};
	objectVersion = 56;
	objects = {

/* Begin PBXBuildFile section */
		7114C02629EFE1E000E63321 /* swiftgen.sh in Resources */ = {isa = PBXBuildFile; fileRef = 7114C02529EFE1E000E63321 /* swiftgen.sh */; };
		7114C02829EFE1F700E63321 /* swiftgen.yml in Resources */ = {isa = PBXBuildFile; fileRef = 7114C02729EFE1F700E63321 /* swiftgen.yml */; };
		7114C02C29F03C1F00E63321 /* Localizable.strings in Resources */ = {isa = PBXBuildFile; fileRef = 7114C02E29F03C1F00E63321 /* Localizable.strings */; };
		7114C03629F03CB700E63321 /* Assets.stencil in Resources */ = {isa = PBXBuildFile; fileRef = 7114C03429F03CB700E63321 /* Assets.stencil */; };
		7114C03729F03CB700E63321 /* Strings.stencil in Resources */ = {isa = PBXBuildFile; fileRef = 7114C03529F03CB700E63321 /* Strings.stencil */; };
		71B00C7829EDD7D100D55690 /* AppDelegate.swift in Sources */ = {isa = PBXBuildFile; fileRef = 71B00C7729EDD7D100D55690 /* AppDelegate.swift */; };
		71B00C7A29EDD7D100D55690 /* SceneDelegate.swift in Sources */ = {isa = PBXBuildFile; fileRef = 71B00C7929EDD7D100D55690 /* SceneDelegate.swift */; };
		71B00C7C29EDD7D100D55690 /* MainViewController.swift in Sources */ = {isa = PBXBuildFile; fileRef = 71B00C7B29EDD7D100D55690 /* MainViewController.swift */; };
		71B00C8129EDD7D200D55690 /* Assets.xcassets in Resources */ = {isa = PBXBuildFile; fileRef = 71B00C8029EDD7D200D55690 /* Assets.xcassets */; };
		71B00C8429EDD7D200D55690 /* LaunchScreen.storyboard in Resources */ = {isa = PBXBuildFile; fileRef = 71B00C8229EDD7D200D55690 /* LaunchScreen.storyboard */; };
		895422E929F1AD7E00751559 /* Assets.swift in Sources */ = {isa = PBXBuildFile; fileRef = 895422E729F1AD7E00751559 /* Assets.swift */; };
		895422EA29F1AD7E00751559 /* Strings.swift in Sources */ = {isa = PBXBuildFile; fileRef = 895422E829F1AD7E00751559 /* Strings.swift */; };
		89D6F1D329F127E2004280BB /* MainModel.swift in Sources */ = {isa = PBXBuildFile; fileRef = 89D6F1D229F127E2004280BB /* MainModel.swift */; };
		89D6F1D629F12945004280BB /* MenuItem.swift in Sources */ = {isa = PBXBuildFile; fileRef = 89D6F1D529F12945004280BB /* MenuItem.swift */; };
		89D6F1DA29F1302D004280BB /* MainInteractor.swift in Sources */ = {isa = PBXBuildFile; fileRef = 89D6F1D929F1302D004280BB /* MainInteractor.swift */; };
		89D6F1DC29F130E0004280BB /* MainPresenter.swift in Sources */ = {isa = PBXBuildFile; fileRef = 89D6F1DB29F130E0004280BB /* MainPresenter.swift */; };
		89D6F1DE29F14921004280BB /* MainRouter.swift in Sources */ = {isa = PBXBuildFile; fileRef = 89D6F1DD29F14921004280BB /* MainRouter.swift */; };
		89D6F1E229F14BA3004280BB /* MainAssembler.swift in Sources */ = {isa = PBXBuildFile; fileRef = 89D6F1E129F14BA3004280BB /* MainAssembler.swift */; };
		89D6F1E429F1596F004280BB /* MenuRepository.swift in Sources */ = {isa = PBXBuildFile; fileRef = 89D6F1E329F1596F004280BB /* MenuRepository.swift */; };
		E0B7942429F07A4B005ED2FB /* PinLayout in Frameworks */ = {isa = PBXBuildFile; productRef = E0B7942329F07A4B005ED2FB /* PinLayout */; };
		E0B7942729F07AF7005ED2FB /* Examples in Resources */ = {isa = PBXBuildFile; fileRef = E0B7942629F07AF7005ED2FB /* Examples */; };
		E707721629F1C816006C022F /* FileManagerViewController.swift in Sources */ = {isa = PBXBuildFile; fileRef = E707721529F1C816006C022F /* FileManagerViewController.swift */; };
		E707721829F1C82A006C022F /* FileManagerModel.swift in Sources */ = {isa = PBXBuildFile; fileRef = E707721729F1C82A006C022F /* FileManagerModel.swift */; };
		E707721A29F1C837006C022F /* FileManagerPresenter.swift in Sources */ = {isa = PBXBuildFile; fileRef = E707721929F1C837006C022F /* FileManagerPresenter.swift */; };
		E707721C29F1C844006C022F /* FileManagerInteractor.swift in Sources */ = {isa = PBXBuildFile; fileRef = E707721B29F1C844006C022F /* FileManagerInteractor.swift */; };
		E707722129F1D7AA006C022F /* FileProvider.swift in Sources */ = {isa = PBXBuildFile; fileRef = E707722029F1D7AA006C022F /* FileProvider.swift */; };
		E707722329F1D840006C022F /* FileManagerAssembler.swift in Sources */ = {isa = PBXBuildFile; fileRef = E707722229F1D840006C022F /* FileManagerAssembler.swift */; };
		E707722729F1E942006C022F /* FileManagerFileProviderAdapter.swift in Sources */ = {isa = PBXBuildFile; fileRef = E707722629F1E942006C022F /* FileManagerFileProviderAdapter.swift */; };
		E710275829F361CB00EB0AE9 /* FileManagerRouter.swift in Sources */ = {isa = PBXBuildFile; fileRef = E710275729F361CB00EB0AE9 /* FileManagerRouter.swift */; };
		E7DDEEF329F32FBD000AE69B /* FileManagerAttrWorker.swift in Sources */ = {isa = PBXBuildFile; fileRef = E7DDEEF229F32FBD000AE69B /* FileManagerAttrWorker.swift */; };
/* End PBXBuildFile section */

/* Begin PBXFileReference section */
		7114C02529EFE1E000E63321 /* swiftgen.sh */ = {isa = PBXFileReference; fileEncoding = 4; lastKnownFileType = text.script.sh; path = swiftgen.sh; sourceTree = "<group>"; };
		7114C02729EFE1F700E63321 /* swiftgen.yml */ = {isa = PBXFileReference; fileEncoding = 4; lastKnownFileType = text.yaml; path = swiftgen.yml; sourceTree = "<group>"; };
		7114C02D29F03C1F00E63321 /* en */ = {isa = PBXFileReference; lastKnownFileType = text.plist.strings; name = en; path = en.lproj/Localizable.strings; sourceTree = "<group>"; };
		7114C03029F03C4000E63321 /* ru */ = {isa = PBXFileReference; lastKnownFileType = text.plist.strings; name = ru; path = ru.lproj/LaunchScreen.strings; sourceTree = "<group>"; };
		7114C03129F03C4100E63321 /* ru */ = {isa = PBXFileReference; lastKnownFileType = text.plist.strings; name = ru; path = ru.lproj/Localizable.strings; sourceTree = "<group>"; };
		7114C03429F03CB700E63321 /* Assets.stencil */ = {isa = PBXFileReference; fileEncoding = 4; lastKnownFileType = text; path = Assets.stencil; sourceTree = "<group>"; };
		7114C03529F03CB700E63321 /* Strings.stencil */ = {isa = PBXFileReference; fileEncoding = 4; lastKnownFileType = text; path = Strings.stencil; sourceTree = "<group>"; };
		71B00C7429EDD7D100D55690 /* MdEditor.app */ = {isa = PBXFileReference; explicitFileType = wrapper.application; includeInIndex = 0; path = MdEditor.app; sourceTree = BUILT_PRODUCTS_DIR; };
		71B00C7729EDD7D100D55690 /* AppDelegate.swift */ = {isa = PBXFileReference; lastKnownFileType = sourcecode.swift; path = AppDelegate.swift; sourceTree = "<group>"; };
		71B00C7929EDD7D100D55690 /* SceneDelegate.swift */ = {isa = PBXFileReference; lastKnownFileType = sourcecode.swift; path = SceneDelegate.swift; sourceTree = "<group>"; };
		71B00C7B29EDD7D100D55690 /* MainViewController.swift */ = {isa = PBXFileReference; lastKnownFileType = sourcecode.swift; path = MainViewController.swift; sourceTree = "<group>"; };
		71B00C8029EDD7D200D55690 /* Assets.xcassets */ = {isa = PBXFileReference; lastKnownFileType = folder.assetcatalog; path = Assets.xcassets; sourceTree = "<group>"; };
		71B00C8329EDD7D200D55690 /* Base */ = {isa = PBXFileReference; lastKnownFileType = file.storyboard; name = Base; path = Base.lproj/LaunchScreen.storyboard; sourceTree = "<group>"; };
		71B00C8529EDD7D200D55690 /* Info.plist */ = {isa = PBXFileReference; lastKnownFileType = text.plist.xml; path = Info.plist; sourceTree = "<group>"; };
		895422E729F1AD7E00751559 /* Assets.swift */ = {isa = PBXFileReference; fileEncoding = 4; lastKnownFileType = sourcecode.swift; path = Assets.swift; sourceTree = "<group>"; };
		895422E829F1AD7E00751559 /* Strings.swift */ = {isa = PBXFileReference; fileEncoding = 4; lastKnownFileType = sourcecode.swift; path = Strings.swift; sourceTree = "<group>"; };
		89D6F1D229F127E2004280BB /* MainModel.swift */ = {isa = PBXFileReference; lastKnownFileType = sourcecode.swift; path = MainModel.swift; sourceTree = "<group>"; };
		89D6F1D529F12945004280BB /* MenuItem.swift */ = {isa = PBXFileReference; lastKnownFileType = sourcecode.swift; path = MenuItem.swift; sourceTree = "<group>"; };
		89D6F1D929F1302D004280BB /* MainInteractor.swift */ = {isa = PBXFileReference; lastKnownFileType = sourcecode.swift; path = MainInteractor.swift; sourceTree = "<group>"; };
		89D6F1DB29F130E0004280BB /* MainPresenter.swift */ = {isa = PBXFileReference; lastKnownFileType = sourcecode.swift; path = MainPresenter.swift; sourceTree = "<group>"; };
		89D6F1DD29F14921004280BB /* MainRouter.swift */ = {isa = PBXFileReference; lastKnownFileType = sourcecode.swift; path = MainRouter.swift; sourceTree = "<group>"; };
		89D6F1E129F14BA3004280BB /* MainAssembler.swift */ = {isa = PBXFileReference; lastKnownFileType = sourcecode.swift; path = MainAssembler.swift; sourceTree = "<group>"; };
		89D6F1E329F1596F004280BB /* MenuRepository.swift */ = {isa = PBXFileReference; lastKnownFileType = sourcecode.swift; path = MenuRepository.swift; sourceTree = "<group>"; };
		E0B7942629F07AF7005ED2FB /* Examples */ = {isa = PBXFileReference; lastKnownFileType = folder; path = Examples; sourceTree = "<group>"; };
		E707721529F1C816006C022F /* FileManagerViewController.swift */ = {isa = PBXFileReference; lastKnownFileType = sourcecode.swift; path = FileManagerViewController.swift; sourceTree = "<group>"; };
		E707721729F1C82A006C022F /* FileManagerModel.swift */ = {isa = PBXFileReference; lastKnownFileType = sourcecode.swift; path = FileManagerModel.swift; sourceTree = "<group>"; };
		E707721929F1C837006C022F /* FileManagerPresenter.swift */ = {isa = PBXFileReference; lastKnownFileType = sourcecode.swift; path = FileManagerPresenter.swift; sourceTree = "<group>"; };
		E707721B29F1C844006C022F /* FileManagerInteractor.swift */ = {isa = PBXFileReference; lastKnownFileType = sourcecode.swift; path = FileManagerInteractor.swift; sourceTree = "<group>"; };
		E707722029F1D7AA006C022F /* FileProvider.swift */ = {isa = PBXFileReference; lastKnownFileType = sourcecode.swift; path = FileProvider.swift; sourceTree = "<group>"; };
		E707722229F1D840006C022F /* FileManagerAssembler.swift */ = {isa = PBXFileReference; lastKnownFileType = sourcecode.swift; path = FileManagerAssembler.swift; sourceTree = "<group>"; };
		E707722629F1E942006C022F /* FileManagerFileProviderAdapter.swift */ = {isa = PBXFileReference; lastKnownFileType = sourcecode.swift; path = FileManagerFileProviderAdapter.swift; sourceTree = "<group>"; };
		E710275729F361CB00EB0AE9 /* FileManagerRouter.swift */ = {isa = PBXFileReference; lastKnownFileType = sourcecode.swift; path = FileManagerRouter.swift; sourceTree = "<group>"; };
		E7DDEEF229F32FBD000AE69B /* FileManagerAttrWorker.swift */ = {isa = PBXFileReference; lastKnownFileType = sourcecode.swift; path = FileManagerAttrWorker.swift; sourceTree = "<group>"; };
/* End PBXFileReference section */

/* Begin PBXFrameworksBuildPhase section */
		71B00C7129EDD7D100D55690 /* Frameworks */ = {
			isa = PBXFrameworksBuildPhase;
			buildActionMask = 2147483647;
			files = (
				E0B7942429F07A4B005ED2FB /* PinLayout in Frameworks */,
			);
			runOnlyForDeploymentPostprocessing = 0;
		};
/* End PBXFrameworksBuildPhase section */

/* Begin PBXGroup section */
		7114C02429EFE1BA00E63321 /* SwiftGen */ = {
			isa = PBXGroup;
			children = (
				7114C02529EFE1E000E63321 /* swiftgen.sh */,
				7114C03329F03CB700E63321 /* Templates */,
				7114C02729EFE1F700E63321 /* swiftgen.yml */,
			);
			path = SwiftGen;
			sourceTree = "<group>";
		};
		7114C02929F03B4E00E63321 /* Supporting Files */ = {
			isa = PBXGroup;
			children = (
				71B00C8529EDD7D200D55690 /* Info.plist */,
				71B00C8229EDD7D200D55690 /* LaunchScreen.storyboard */,
				7114C03229F03C5E00E63321 /* Autogenerated */,
				7114C02E29F03C1F00E63321 /* Localizable.strings */,
			);
			path = "Supporting Files";
			sourceTree = "<group>";
		};
		7114C03229F03C5E00E63321 /* Autogenerated */ = {
			isa = PBXGroup;
			children = (
				895422E729F1AD7E00751559 /* Assets.swift */,
				895422E829F1AD7E00751559 /* Strings.swift */,
			);
			path = Autogenerated;
			sourceTree = "<group>";
		};
		7114C03329F03CB700E63321 /* Templates */ = {
			isa = PBXGroup;
			children = (
				7114C03429F03CB700E63321 /* Assets.stencil */,
				7114C03529F03CB700E63321 /* Strings.stencil */,
			);
			path = Templates;
			sourceTree = "<group>";
		};
		71B00C6B29EDD7D000D55690 = {
			isa = PBXGroup;
			children = (
				71B00C7629EDD7D100D55690 /* MdEditor */,
				71B00C7529EDD7D100D55690 /* Products */,
			);
			sourceTree = "<group>";
		};
		71B00C7529EDD7D100D55690 /* Products */ = {
			isa = PBXGroup;
			children = (
				71B00C7429EDD7D100D55690 /* MdEditor.app */,
			);
			name = Products;
			sourceTree = "<group>";
		};
		71B00C7629EDD7D100D55690 /* MdEditor */ = {
			isa = PBXGroup;
			children = (
				89D6F1D429F12937004280BB /* Models */,
				E0B7942529F07A7D005ED2FB /* Assets */,
				E0B7942029F0781C005ED2FB /* Scenes */,
				7114C02429EFE1BA00E63321 /* SwiftGen */,
				7114C02929F03B4E00E63321 /* Supporting Files */,
				71B00C7929EDD7D100D55690 /* SceneDelegate.swift */,
				71B00C7729EDD7D100D55690 /* AppDelegate.swift */,
			);
			path = MdEditor;
			sourceTree = "<group>";
		};
		89D6F1D429F12937004280BB /* Models */ = {
			isa = PBXGroup;
			children = (
				89D6F1D529F12945004280BB /* MenuItem.swift */,
			);
			path = Models;
			sourceTree = "<group>";
		};
		E0B7942029F0781C005ED2FB /* Scenes */ = {
			isa = PBXGroup;
			children = (
				E0B7942129F0782A005ED2FB /* MainScene */,
				E707721429F1C739006C022F /* FileManagerScene */,
			);
			path = Scenes;
			sourceTree = "<group>";
		};
		E0B7942129F0782A005ED2FB /* MainScene */ = {
			isa = PBXGroup;
			children = (
				71B00C7B29EDD7D100D55690 /* MainViewController.swift */,
				89D6F1D929F1302D004280BB /* MainInteractor.swift */,
				89D6F1DB29F130E0004280BB /* MainPresenter.swift */,
				89D6F1D229F127E2004280BB /* MainModel.swift */,
				89D6F1DD29F14921004280BB /* MainRouter.swift */,
				89D6F1E129F14BA3004280BB /* MainAssembler.swift */,
				89D6F1E329F1596F004280BB /* MenuRepository.swift */,
			);
			path = MainScene;
			sourceTree = "<group>";
		};
		E0B7942529F07A7D005ED2FB /* Assets */ = {
			isa = PBXGroup;
			children = (
				E0B7942629F07AF7005ED2FB /* Examples */,
				71B00C8029EDD7D200D55690 /* Assets.xcassets */,
			);
			path = Assets;
			sourceTree = "<group>";
		};
		E707721429F1C739006C022F /* FileManagerScene */ = {
			isa = PBXGroup;
			children = (
				E707721529F1C816006C022F /* FileManagerViewController.swift */,
				E707721B29F1C844006C022F /* FileManagerInteractor.swift */,
				E707721929F1C837006C022F /* FileManagerPresenter.swift */,
				E707721729F1C82A006C022F /* FileManagerModel.swift */,
				E710275729F361CB00EB0AE9 /* FileManagerRouter.swift */,
				E707722229F1D840006C022F /* FileManagerAssembler.swift */,
				E7DDEEF229F32FBD000AE69B /* FileManagerAttrWorker.swift */,
				E707722629F1E942006C022F /* FileManagerFileProviderAdapter.swift */,
				E707722029F1D7AA006C022F /* FileProvider.swift */,
			);
			path = FileManagerScene;
			sourceTree = "<group>";
		};
/* End PBXGroup section */

/* Begin PBXNativeTarget section */
		71B00C7329EDD7D100D55690 /* MdEditor */ = {
			isa = PBXNativeTarget;
			buildConfigurationList = 71B00C8829EDD7D200D55690 /* Build configuration list for PBXNativeTarget "MdEditor" */;
			buildPhases = (
				7114C02229EFDF1400E63321 /* Run Script SwiftLint */,
				7114C02329EFE03100E63321 /* Run Script SwiftGen */,
				71B00C7029EDD7D100D55690 /* Sources */,
				71B00C7129EDD7D100D55690 /* Frameworks */,
				71B00C7229EDD7D100D55690 /* Resources */,
			);
			buildRules = (
			);
			dependencies = (
			);
			name = MdEditor;
			packageProductDependencies = (
				E0B7942329F07A4B005ED2FB /* PinLayout */,
			);
			productName = MdEditor;
			productReference = 71B00C7429EDD7D100D55690 /* MdEditor.app */;
			productType = "com.apple.product-type.application";
		};
/* End PBXNativeTarget section */

/* Begin PBXProject section */
		71B00C6C29EDD7D000D55690 /* Project object */ = {
			isa = PBXProject;
			attributes = {
				BuildIndependentTargetsInParallel = 1;
				LastSwiftUpdateCheck = 1420;
				LastUpgradeCheck = 1420;
				TargetAttributes = {
					71B00C7329EDD7D100D55690 = {
						CreatedOnToolsVersion = 14.2;
					};
				};
			};
			buildConfigurationList = 71B00C6F29EDD7D000D55690 /* Build configuration list for PBXProject "MdEditor" */;
			compatibilityVersion = "Xcode 14.0";
			developmentRegion = en;
			hasScannedForEncodings = 0;
			knownRegions = (
				en,
				Base,
				ru,
			);
			mainGroup = 71B00C6B29EDD7D000D55690;
			packageReferences = (
				E0B7942229F07A4B005ED2FB /* XCRemoteSwiftPackageReference "PinLayout" */,
			);
			productRefGroup = 71B00C7529EDD7D100D55690 /* Products */;
			projectDirPath = "";
			projectRoot = "";
			targets = (
				71B00C7329EDD7D100D55690 /* MdEditor */,
			);
		};
/* End PBXProject section */

/* Begin PBXResourcesBuildPhase section */
		71B00C7229EDD7D100D55690 /* Resources */ = {
			isa = PBXResourcesBuildPhase;
			buildActionMask = 2147483647;
			files = (
				71B00C8429EDD7D200D55690 /* LaunchScreen.storyboard in Resources */,
				7114C03729F03CB700E63321 /* Strings.stencil in Resources */,
				7114C02C29F03C1F00E63321 /* Localizable.strings in Resources */,
				7114C02829EFE1F700E63321 /* swiftgen.yml in Resources */,
				71B00C8129EDD7D200D55690 /* Assets.xcassets in Resources */,
				7114C02629EFE1E000E63321 /* swiftgen.sh in Resources */,
				7114C03629F03CB700E63321 /* Assets.stencil in Resources */,
				E0B7942729F07AF7005ED2FB /* Examples in Resources */,
			);
			runOnlyForDeploymentPostprocessing = 0;
		};
/* End PBXResourcesBuildPhase section */

/* Begin PBXShellScriptBuildPhase section */
		7114C02229EFDF1400E63321 /* Run Script SwiftLint */ = {
			isa = PBXShellScriptBuildPhase;
			alwaysOutOfDate = 1;
			buildActionMask = 2147483647;
			files = (
			);
			inputFileListPaths = (
			);
			inputPaths = (
			);
			name = "Run Script SwiftLint";
			outputFileListPaths = (
			);
			outputPaths = (
			);
			runOnlyForDeploymentPostprocessing = 0;
			shellPath = /bin/sh;
			shellScript = "export PATH=\"$PATH:/opt/homebrew/bin\"\nif which swiftlint > /dev/null; then\n  swiftlint\nelse\n  echo \"warning: SwiftLint not installed, download from https://github.com/realm/SwiftLint\"\nfi\n";
		};
		7114C02329EFE03100E63321 /* Run Script SwiftGen */ = {
			isa = PBXShellScriptBuildPhase;
			alwaysOutOfDate = 1;
			buildActionMask = 2147483647;
			files = (
			);
			inputFileListPaths = (
			);
			inputPaths = (
			);
			name = "Run Script SwiftGen";
			outputFileListPaths = (
			);
			outputPaths = (
				"$(SRCROOT)/MdEditor/Supporting Files/Autogenerated/Strings.swift",
				"$(SRCROOT)/MdEditor/Supporting Files/Autogenerated/Assets.swift",
			);
			runOnlyForDeploymentPostprocessing = 0;
			shellPath = /bin/sh;
			shellScript = "MdEditor/SwiftGen/swiftgen.sh\n";
		};
/* End PBXShellScriptBuildPhase section */

/* Begin PBXSourcesBuildPhase section */
		71B00C7029EDD7D100D55690 /* Sources */ = {
			isa = PBXSourcesBuildPhase;
			buildActionMask = 2147483647;
			files = (
				89D6F1D329F127E2004280BB /* MainModel.swift in Sources */,
				895422E929F1AD7E00751559 /* Assets.swift in Sources */,
				E707721629F1C816006C022F /* FileManagerViewController.swift in Sources */,
				E707722729F1E942006C022F /* FileManagerFileProviderAdapter.swift in Sources */,
				E707722329F1D840006C022F /* FileManagerAssembler.swift in Sources */,
				E707721829F1C82A006C022F /* FileManagerModel.swift in Sources */,
				71B00C7C29EDD7D100D55690 /* MainViewController.swift in Sources */,
				89D6F1E229F14BA3004280BB /* MainAssembler.swift in Sources */,
				89D6F1DC29F130E0004280BB /* MainPresenter.swift in Sources */,
				E710275829F361CB00EB0AE9 /* FileManagerRouter.swift in Sources */,
				71B00C7829EDD7D100D55690 /* AppDelegate.swift in Sources */,
				895422EA29F1AD7E00751559 /* Strings.swift in Sources */,
				71B00C7A29EDD7D100D55690 /* SceneDelegate.swift in Sources */,
				89D6F1E429F1596F004280BB /* MenuRepository.swift in Sources */,
				89D6F1DA29F1302D004280BB /* MainInteractor.swift in Sources */,
				89D6F1D629F12945004280BB /* MenuItem.swift in Sources */,
				89D6F1DE29F14921004280BB /* MainRouter.swift in Sources */,
				E707721C29F1C844006C022F /* FileManagerInteractor.swift in Sources */,
				E707721A29F1C837006C022F /* FileManagerPresenter.swift in Sources */,
				E707722129F1D7AA006C022F /* FileProvider.swift in Sources */,
				E7DDEEF329F32FBD000AE69B /* FileManagerAttrWorker.swift in Sources */,
			);
			runOnlyForDeploymentPostprocessing = 0;
		};
/* End PBXSourcesBuildPhase section */

/* Begin PBXVariantGroup section */
		7114C02E29F03C1F00E63321 /* Localizable.strings */ = {
			isa = PBXVariantGroup;
			children = (
				7114C02D29F03C1F00E63321 /* en */,
				7114C03129F03C4100E63321 /* ru */,
			);
			name = Localizable.strings;
			sourceTree = "<group>";
		};
		71B00C8229EDD7D200D55690 /* LaunchScreen.storyboard */ = {
			isa = PBXVariantGroup;
			children = (
				71B00C8329EDD7D200D55690 /* Base */,
				7114C03029F03C4000E63321 /* ru */,
			);
			name = LaunchScreen.storyboard;
			sourceTree = "<group>";
		};
/* End PBXVariantGroup section */

/* Begin XCBuildConfiguration section */
		71B00C8629EDD7D200D55690 /* Debug */ = {
			isa = XCBuildConfiguration;
			buildSettings = {
				ALWAYS_SEARCH_USER_PATHS = NO;
				CLANG_ANALYZER_LOCALIZABILITY_NONLOCALIZED = YES;
				CLANG_ANALYZER_NONNULL = YES;
				CLANG_ANALYZER_NUMBER_OBJECT_CONVERSION = YES_AGGRESSIVE;
				CLANG_CXX_LANGUAGE_STANDARD = "gnu++20";
				CLANG_ENABLE_MODULES = YES;
				CLANG_ENABLE_OBJC_ARC = YES;
				CLANG_ENABLE_OBJC_WEAK = YES;
				CLANG_WARN_BLOCK_CAPTURE_AUTORELEASING = YES;
				CLANG_WARN_BOOL_CONVERSION = YES;
				CLANG_WARN_COMMA = YES;
				CLANG_WARN_CONSTANT_CONVERSION = YES;
				CLANG_WARN_DEPRECATED_OBJC_IMPLEMENTATIONS = YES;
				CLANG_WARN_DIRECT_OBJC_ISA_USAGE = YES_ERROR;
				CLANG_WARN_DOCUMENTATION_COMMENTS = YES;
				CLANG_WARN_EMPTY_BODY = YES;
				CLANG_WARN_ENUM_CONVERSION = YES;
				CLANG_WARN_INFINITE_RECURSION = YES;
				CLANG_WARN_INT_CONVERSION = YES;
				CLANG_WARN_NON_LITERAL_NULL_CONVERSION = YES;
				CLANG_WARN_OBJC_IMPLICIT_RETAIN_SELF = YES;
				CLANG_WARN_OBJC_LITERAL_CONVERSION = YES;
				CLANG_WARN_OBJC_ROOT_CLASS = YES_ERROR;
				CLANG_WARN_QUOTED_INCLUDE_IN_FRAMEWORK_HEADER = YES;
				CLANG_WARN_RANGE_LOOP_ANALYSIS = YES;
				CLANG_WARN_STRICT_PROTOTYPES = YES;
				CLANG_WARN_SUSPICIOUS_MOVE = YES;
				CLANG_WARN_UNGUARDED_AVAILABILITY = YES_AGGRESSIVE;
				CLANG_WARN_UNREACHABLE_CODE = YES;
				CLANG_WARN__DUPLICATE_METHOD_MATCH = YES;
				COPY_PHASE_STRIP = NO;
				DEBUG_INFORMATION_FORMAT = dwarf;
				ENABLE_STRICT_OBJC_MSGSEND = YES;
				ENABLE_TESTABILITY = YES;
				GCC_C_LANGUAGE_STANDARD = gnu11;
				GCC_DYNAMIC_NO_PIC = NO;
				GCC_NO_COMMON_BLOCKS = YES;
				GCC_OPTIMIZATION_LEVEL = 0;
				GCC_PREPROCESSOR_DEFINITIONS = (
					"DEBUG=1",
					"$(inherited)",
				);
				GCC_WARN_64_TO_32_BIT_CONVERSION = YES;
				GCC_WARN_ABOUT_RETURN_TYPE = YES_ERROR;
				GCC_WARN_UNDECLARED_SELECTOR = YES;
				GCC_WARN_UNINITIALIZED_AUTOS = YES_AGGRESSIVE;
				GCC_WARN_UNUSED_FUNCTION = YES;
				GCC_WARN_UNUSED_VARIABLE = YES;
				IPHONEOS_DEPLOYMENT_TARGET = 16.2;
				MTL_ENABLE_DEBUG_INFO = INCLUDE_SOURCE;
				MTL_FAST_MATH = YES;
				ONLY_ACTIVE_ARCH = YES;
				SDKROOT = iphoneos;
				SWIFT_ACTIVE_COMPILATION_CONDITIONS = DEBUG;
				SWIFT_OPTIMIZATION_LEVEL = "-Onone";
			};
			name = Debug;
		};
		71B00C8729EDD7D200D55690 /* Release */ = {
			isa = XCBuildConfiguration;
			buildSettings = {
				ALWAYS_SEARCH_USER_PATHS = NO;
				CLANG_ANALYZER_LOCALIZABILITY_NONLOCALIZED = YES;
				CLANG_ANALYZER_NONNULL = YES;
				CLANG_ANALYZER_NUMBER_OBJECT_CONVERSION = YES_AGGRESSIVE;
				CLANG_CXX_LANGUAGE_STANDARD = "gnu++20";
				CLANG_ENABLE_MODULES = YES;
				CLANG_ENABLE_OBJC_ARC = YES;
				CLANG_ENABLE_OBJC_WEAK = YES;
				CLANG_WARN_BLOCK_CAPTURE_AUTORELEASING = YES;
				CLANG_WARN_BOOL_CONVERSION = YES;
				CLANG_WARN_COMMA = YES;
				CLANG_WARN_CONSTANT_CONVERSION = YES;
				CLANG_WARN_DEPRECATED_OBJC_IMPLEMENTATIONS = YES;
				CLANG_WARN_DIRECT_OBJC_ISA_USAGE = YES_ERROR;
				CLANG_WARN_DOCUMENTATION_COMMENTS = YES;
				CLANG_WARN_EMPTY_BODY = YES;
				CLANG_WARN_ENUM_CONVERSION = YES;
				CLANG_WARN_INFINITE_RECURSION = YES;
				CLANG_WARN_INT_CONVERSION = YES;
				CLANG_WARN_NON_LITERAL_NULL_CONVERSION = YES;
				CLANG_WARN_OBJC_IMPLICIT_RETAIN_SELF = YES;
				CLANG_WARN_OBJC_LITERAL_CONVERSION = YES;
				CLANG_WARN_OBJC_ROOT_CLASS = YES_ERROR;
				CLANG_WARN_QUOTED_INCLUDE_IN_FRAMEWORK_HEADER = YES;
				CLANG_WARN_RANGE_LOOP_ANALYSIS = YES;
				CLANG_WARN_STRICT_PROTOTYPES = YES;
				CLANG_WARN_SUSPICIOUS_MOVE = YES;
				CLANG_WARN_UNGUARDED_AVAILABILITY = YES_AGGRESSIVE;
				CLANG_WARN_UNREACHABLE_CODE = YES;
				CLANG_WARN__DUPLICATE_METHOD_MATCH = YES;
				COPY_PHASE_STRIP = NO;
				DEBUG_INFORMATION_FORMAT = "dwarf-with-dsym";
				ENABLE_NS_ASSERTIONS = NO;
				ENABLE_STRICT_OBJC_MSGSEND = YES;
				GCC_C_LANGUAGE_STANDARD = gnu11;
				GCC_NO_COMMON_BLOCKS = YES;
				GCC_WARN_64_TO_32_BIT_CONVERSION = YES;
				GCC_WARN_ABOUT_RETURN_TYPE = YES_ERROR;
				GCC_WARN_UNDECLARED_SELECTOR = YES;
				GCC_WARN_UNINITIALIZED_AUTOS = YES_AGGRESSIVE;
				GCC_WARN_UNUSED_FUNCTION = YES;
				GCC_WARN_UNUSED_VARIABLE = YES;
				IPHONEOS_DEPLOYMENT_TARGET = 16.2;
				MTL_ENABLE_DEBUG_INFO = NO;
				MTL_FAST_MATH = YES;
				SDKROOT = iphoneos;
				SWIFT_COMPILATION_MODE = wholemodule;
				SWIFT_OPTIMIZATION_LEVEL = "-O";
				VALIDATE_PRODUCT = YES;
			};
			name = Release;
		};
		71B00C8929EDD7D200D55690 /* Debug */ = {
			isa = XCBuildConfiguration;
			buildSettings = {
				ASSETCATALOG_COMPILER_APPICON_NAME = AppIcon;
				ASSETCATALOG_COMPILER_GLOBAL_ACCENT_COLOR_NAME = AccentColor;
				CODE_SIGN_STYLE = Manual;
				CURRENT_PROJECT_VERSION = 1;
				DEVELOPMENT_TEAM = "";
				GENERATE_INFOPLIST_FILE = YES;
				INFOPLIST_FILE = "MdEditor/Supporting Files/Info.plist";
				INFOPLIST_KEY_UIApplicationSupportsIndirectInputEvents = YES;
				INFOPLIST_KEY_UILaunchStoryboardName = LaunchScreen;
				INFOPLIST_KEY_UISupportedInterfaceOrientations = UIInterfaceOrientationPortrait;
				INFOPLIST_KEY_UISupportedInterfaceOrientations_iPad = "UIInterfaceOrientationLandscapeLeft UIInterfaceOrientationLandscapeRight UIInterfaceOrientationPortrait UIInterfaceOrientationPortraitUpsideDown";
				LD_RUNPATH_SEARCH_PATHS = (
					"$(inherited)",
					"@executable_path/Frameworks",
				);
				MARKETING_VERSION = 1.0;
				PRODUCT_BUNDLE_IDENTIFIER = com.ArtemSokolovskiy.MdEditor;
				PRODUCT_NAME = "$(TARGET_NAME)";
				PROVISIONING_PROFILE_SPECIFIER = "";
				SUPPORTED_PLATFORMS = "iphoneos iphonesimulator";
				SUPPORTS_MACCATALYST = NO;
				SUPPORTS_MAC_DESIGNED_FOR_IPHONE_IPAD = NO;
				SWIFT_EMIT_LOC_STRINGS = YES;
				SWIFT_VERSION = 5.0;
				TARGETED_DEVICE_FAMILY = 1;
			};
			name = Debug;
		};
		71B00C8A29EDD7D200D55690 /* Release */ = {
			isa = XCBuildConfiguration;
			buildSettings = {
				ASSETCATALOG_COMPILER_APPICON_NAME = AppIcon;
				ASSETCATALOG_COMPILER_GLOBAL_ACCENT_COLOR_NAME = AccentColor;
				CODE_SIGN_STYLE = Manual;
				CURRENT_PROJECT_VERSION = 1;
				DEVELOPMENT_TEAM = "";
				GENERATE_INFOPLIST_FILE = YES;
				INFOPLIST_FILE = "MdEditor/Supporting Files/Info.plist";
				INFOPLIST_KEY_UIApplicationSupportsIndirectInputEvents = YES;
				INFOPLIST_KEY_UILaunchStoryboardName = LaunchScreen;
				INFOPLIST_KEY_UISupportedInterfaceOrientations = UIInterfaceOrientationPortrait;
				INFOPLIST_KEY_UISupportedInterfaceOrientations_iPad = "UIInterfaceOrientationLandscapeLeft UIInterfaceOrientationLandscapeRight UIInterfaceOrientationPortrait UIInterfaceOrientationPortraitUpsideDown";
				LD_RUNPATH_SEARCH_PATHS = (
					"$(inherited)",
					"@executable_path/Frameworks",
				);
				MARKETING_VERSION = 1.0;
				PRODUCT_BUNDLE_IDENTIFIER = com.ArtemSokolovskiy.MdEditor;
				PRODUCT_NAME = "$(TARGET_NAME)";
				PROVISIONING_PROFILE_SPECIFIER = "";
				SUPPORTED_PLATFORMS = "iphoneos iphonesimulator";
				SUPPORTS_MACCATALYST = NO;
				SUPPORTS_MAC_DESIGNED_FOR_IPHONE_IPAD = NO;
				SWIFT_EMIT_LOC_STRINGS = YES;
				SWIFT_VERSION = 5.0;
				TARGETED_DEVICE_FAMILY = 1;
			};
			name = Release;
		};
/* End XCBuildConfiguration section */

/* Begin XCConfigurationList section */
		71B00C6F29EDD7D000D55690 /* Build configuration list for PBXProject "MdEditor" */ = {
			isa = XCConfigurationList;
			buildConfigurations = (
				71B00C8629EDD7D200D55690 /* Debug */,
				71B00C8729EDD7D200D55690 /* Release */,
			);
			defaultConfigurationIsVisible = 0;
			defaultConfigurationName = Release;
		};
		71B00C8829EDD7D200D55690 /* Build configuration list for PBXNativeTarget "MdEditor" */ = {
			isa = XCConfigurationList;
			buildConfigurations = (
				71B00C8929EDD7D200D55690 /* Debug */,
				71B00C8A29EDD7D200D55690 /* Release */,
			);
			defaultConfigurationIsVisible = 0;
			defaultConfigurationName = Release;
		};
/* End XCConfigurationList section */

/* Begin XCRemoteSwiftPackageReference section */
		E0B7942229F07A4B005ED2FB /* XCRemoteSwiftPackageReference "PinLayout" */ = {
			isa = XCRemoteSwiftPackageReference;
			repositoryURL = "https://github.com/layoutBox/PinLayout";
			requirement = {
				kind = upToNextMajorVersion;
				minimumVersion = 1.0.0;
			};
		};
/* End XCRemoteSwiftPackageReference section */

/* Begin XCSwiftPackageProductDependency section */
		E0B7942329F07A4B005ED2FB /* PinLayout */ = {
			isa = XCSwiftPackageProductDependency;
			package = E0B7942229F07A4B005ED2FB /* XCRemoteSwiftPackageReference "PinLayout" */;
			productName = PinLayout;
		};
/* End XCSwiftPackageProductDependency section */
	};
	rootObject = 71B00C6C29EDD7D000D55690 /* Project object */;
}
