// !$*UTF8*$!
{
	archiveVersion = 1;
	classes = {
	};
	objectVersion = 56;
	objects = {

/* Begin PBXBuildFile section */
		7114C02629EFE1E000E63321 /* swiftgen.sh in Resources */ = {isa = PBXBuildFile; fileRef = 7114C02529EFE1E000E63321 /* swiftgen.sh */; };
		7114C02829EFE1F700E63321 /* swiftgen.yml in Resources */ = {isa = PBXBuildFile; fileRef = 7114C02729EFE1F700E63321 /* swiftgen.yml */; };
		7114C02C29F03C1F00E63321 /* Localizable.strings in Resources */ = {isa = PBXBuildFile; fileRef = 7114C02E29F03C1F00E63321 /* Localizable.strings */; };
		7114C03629F03CB700E63321 /* Assets.stencil in Resources */ = {isa = PBXBuildFile; fileRef = 7114C03429F03CB700E63321 /* Assets.stencil */; };
		7114C03729F03CB700E63321 /* Strings.stencil in Resources */ = {isa = PBXBuildFile; fileRef = 7114C03529F03CB700E63321 /* Strings.stencil */; };
		71B00C7829EDD7D100D55690 /* AppDelegate.swift in Sources */ = {isa = PBXBuildFile; fileRef = 71B00C7729EDD7D100D55690 /* AppDelegate.swift */; };
		71B00C7A29EDD7D100D55690 /* SceneDelegate.swift in Sources */ = {isa = PBXBuildFile; fileRef = 71B00C7929EDD7D100D55690 /* SceneDelegate.swift */; };
		71B00C7C29EDD7D100D55690 /* MainViewController.swift in Sources */ = {isa = PBXBuildFile; fileRef = 71B00C7B29EDD7D100D55690 /* MainViewController.swift */; };
		71B00C8129EDD7D200D55690 /* Assets.xcassets in Resources */ = {isa = PBXBuildFile; fileRef = 71B00C8029EDD7D200D55690 /* Assets.xcassets */; };
		71B00C8429EDD7D200D55690 /* LaunchScreen.storyboard in Resources */ = {isa = PBXBuildFile; fileRef = 71B00C8229EDD7D200D55690 /* LaunchScreen.storyboard */; };
		8905DD8B29FBF25300F2CE57 /* ICoordinator.swift in Sources */ = {isa = PBXBuildFile; fileRef = 8905DD8A29FBF25300F2CE57 /* ICoordinator.swift */; };
		8905DD8D29FBF2D100F2CE57 /* AppCoordinator.swift in Sources */ = {isa = PBXBuildFile; fileRef = 8905DD8C29FBF2D100F2CE57 /* AppCoordinator.swift */; };
		8905DD8F29FBF30000F2CE57 /* MainCoordinator.swift in Sources */ = {isa = PBXBuildFile; fileRef = 8905DD8E29FBF30000F2CE57 /* MainCoordinator.swift */; };
		8905DD9129FBF51100F2CE57 /* FileManagerCoordinator.swift in Sources */ = {isa = PBXBuildFile; fileRef = 8905DD9029FBF51100F2CE57 /* FileManagerCoordinator.swift */; };
		895422E929F1AD7E00751559 /* Assets.swift in Sources */ = {isa = PBXBuildFile; fileRef = 895422E729F1AD7E00751559 /* Assets.swift */; };
		895422EA29F1AD7E00751559 /* Strings.swift in Sources */ = {isa = PBXBuildFile; fileRef = 895422E829F1AD7E00751559 /* Strings.swift */; };
		89CF454F2A0524BF0061D44A /* EditFileCoordinator.swift in Sources */ = {isa = PBXBuildFile; fileRef = 89CF454E2A0524BF0061D44A /* EditFileCoordinator.swift */; };
		89CF45532A052C280061D44A /* EditFileModel.swift in Sources */ = {isa = PBXBuildFile; fileRef = 89CF45522A052C280061D44A /* EditFileModel.swift */; };
		89CF45552A052C8C0061D44A /* EditFileInteractor.swift in Sources */ = {isa = PBXBuildFile; fileRef = 89CF45542A052C8C0061D44A /* EditFileInteractor.swift */; };
		89CF45572A052DAC0061D44A /* EditFilePresenter.swift in Sources */ = {isa = PBXBuildFile; fileRef = 89CF45562A052DAC0061D44A /* EditFilePresenter.swift */; };
		89CF45592A052ED10061D44A /* EditFileViewController.swift in Sources */ = {isa = PBXBuildFile; fileRef = 89CF45582A052ED10061D44A /* EditFileViewController.swift */; };
		89CF455B2A052FA10061D44A /* EditFileAssembler.swift in Sources */ = {isa = PBXBuildFile; fileRef = 89CF455A2A052FA10061D44A /* EditFileAssembler.swift */; };
		89D6F1D329F127E2004280BB /* MainModel.swift in Sources */ = {isa = PBXBuildFile; fileRef = 89D6F1D229F127E2004280BB /* MainModel.swift */; };
		89D6F1D629F12945004280BB /* MenuItem.swift in Sources */ = {isa = PBXBuildFile; fileRef = 89D6F1D529F12945004280BB /* MenuItem.swift */; };
		89D6F1DA29F1302D004280BB /* MainInteractor.swift in Sources */ = {isa = PBXBuildFile; fileRef = 89D6F1D929F1302D004280BB /* MainInteractor.swift */; };
		89D6F1DC29F130E0004280BB /* MainPresenter.swift in Sources */ = {isa = PBXBuildFile; fileRef = 89D6F1DB29F130E0004280BB /* MainPresenter.swift */; };
		89D6F1E229F14BA3004280BB /* MainAssembler.swift in Sources */ = {isa = PBXBuildFile; fileRef = 89D6F1E129F14BA3004280BB /* MainAssembler.swift */; };
		89D6F1E429F1596F004280BB /* MenuRepository.swift in Sources */ = {isa = PBXBuildFile; fileRef = 89D6F1E329F1596F004280BB /* MenuRepository.swift */; };
		89DBCC732A0FB7BD0078A1BC /* AboutAppInteractor.swift in Sources */ = {isa = PBXBuildFile; fileRef = 89DBCC6D2A0FB7BD0078A1BC /* AboutAppInteractor.swift */; };
		89DBCC742A0FB7BD0078A1BC /* AboutAppAssembler.swift in Sources */ = {isa = PBXBuildFile; fileRef = 89DBCC6E2A0FB7BD0078A1BC /* AboutAppAssembler.swift */; };
		89DBCC752A0FB7BD0078A1BC /* AboutAppViewController.swift in Sources */ = {isa = PBXBuildFile; fileRef = 89DBCC6F2A0FB7BD0078A1BC /* AboutAppViewController.swift */; };
		89DBCC762A0FB7BD0078A1BC /* AboutAppPresenter.swift in Sources */ = {isa = PBXBuildFile; fileRef = 89DBCC702A0FB7BD0078A1BC /* AboutAppPresenter.swift */; };
		89DBCC772A0FB7BD0078A1BC /* AboutAppModels.swift in Sources */ = {isa = PBXBuildFile; fileRef = 89DBCC712A0FB7BD0078A1BC /* AboutAppModels.swift */; };
		89DBCC782A0FB7BD0078A1BC /* AboutAppCoordinator.swift in Sources */ = {isa = PBXBuildFile; fileRef = 89DBCC722A0FB7BD0078A1BC /* AboutAppCoordinator.swift */; };
		C4B37CD029F8FF3300777400 /* Extension+UIViewController.swift in Sources */ = {isa = PBXBuildFile; fileRef = C4B37CCF29F8FF3300777400 /* Extension+UIViewController.swift */; };
		E0405FDC2A1D101D007C79E2 /* Node.swift in Sources */ = {isa = PBXBuildFile; fileRef = E0405FDB2A1D101D007C79E2 /* Node.swift */; };
		E0405FDF2A1D1233007C79E2 /* IVisitor.swift in Sources */ = {isa = PBXBuildFile; fileRef = E0405FDE2A1D1233007C79E2 /* IVisitor.swift */; };
		E0405FE12A1D1258007C79E2 /* Document.swift in Sources */ = {isa = PBXBuildFile; fileRef = E0405FE02A1D1258007C79E2 /* Document.swift */; };
		E0405FE32A1D1280007C79E2 /* HeaderNode.swift in Sources */ = {isa = PBXBuildFile; fileRef = E0405FE22A1D1280007C79E2 /* HeaderNode.swift */; };
		E0405FE52A1D141D007C79E2 /* CiteNode.swift in Sources */ = {isa = PBXBuildFile; fileRef = E0405FE42A1D141D007C79E2 /* CiteNode.swift */; };
		E0405FE82A1D18D3007C79E2 /* ParagraphNode.swift in Sources */ = {isa = PBXBuildFile; fileRef = E0405FE72A1D18D3007C79E2 /* ParagraphNode.swift */; };
		E0405FEB2A1D1902007C79E2 /* ImageNode.swift in Sources */ = {isa = PBXBuildFile; fileRef = E0405FEA2A1D1902007C79E2 /* ImageNode.swift */; };
		E0405FED2A1D1917007C79E2 /* TextNode.swift in Sources */ = {isa = PBXBuildFile; fileRef = E0405FEC2A1D1917007C79E2 /* TextNode.swift */; };
		E0405FEF2A1D19E7007C79E2 /* Sequense+Joined.swift in Sources */ = {isa = PBXBuildFile; fileRef = E0405FEE2A1D19E7007C79E2 /* Sequense+Joined.swift */; };
		E0405FF32A1D3053007C79E2 /* AttributedTextVisitor.swift in Sources */ = {isa = PBXBuildFile; fileRef = E0405FF22A1D3053007C79E2 /* AttributedTextVisitor.swift */; };
		E0405FF52A1E11A6007C79E2 /* Lexer.swift in Sources */ = {isa = PBXBuildFile; fileRef = E0405FF42A1E11A6007C79E2 /* Lexer.swift */; };
		E0405FF72A1E12CD007C79E2 /* Token.swift in Sources */ = {isa = PBXBuildFile; fileRef = E0405FF62A1E12CD007C79E2 /* Token.swift */; };
		E0405FF92A1E1301007C79E2 /* Text.swift in Sources */ = {isa = PBXBuildFile; fileRef = E0405FF82A1E1301007C79E2 /* Text.swift */; };
		E0405FFC2A1F6F34007C79E2 /* Markdown.swift in Sources */ = {isa = PBXBuildFile; fileRef = E0405FFB2A1F6F34007C79E2 /* Markdown.swift */; };
		E0405FFE2A1F733B007C79E2 /* HtmlVisitor.swift in Sources */ = {isa = PBXBuildFile; fileRef = E0405FFD2A1F733B007C79E2 /* HtmlVisitor.swift */; };
		E04060002A1F7778007C79E2 /* Parser.swift in Sources */ = {isa = PBXBuildFile; fileRef = E0405FFF2A1F7778007C79E2 /* Parser.swift */; };
		E04593362A05064700D6B533 /* MarkdownСonverter.swift in Sources */ = {isa = PBXBuildFile; fileRef = E04593332A05064700D6B533 /* MarkdownСonverter.swift */; };
		E04593472A0699E800D6B533 /* String+RegularExpression.swift in Sources */ = {isa = PBXBuildFile; fileRef = E04593462A0699E800D6B533 /* String+RegularExpression.swift */; };
		E04593492A06AD4F00D6B533 /* NSRegularExpression+Extension.swift in Sources */ = {isa = PBXBuildFile; fileRef = E04593482A06AD4F00D6B533 /* NSRegularExpression+Extension.swift */; };
		E0B100792A1F7C02007C5D2A /* RawAttribitedTextVisitor.swift in Sources */ = {isa = PBXBuildFile; fileRef = E0B100782A1F7C02007C5D2A /* RawAttribitedTextVisitor.swift */; };
		E0B7942429F07A4B005ED2FB /* PinLayout in Frameworks */ = {isa = PBXBuildFile; productRef = E0B7942329F07A4B005ED2FB /* PinLayout */; };
		E0B7942729F07AF7005ED2FB /* Examples in Resources */ = {isa = PBXBuildFile; fileRef = E0B7942629F07AF7005ED2FB /* Examples */; };
		E707721629F1C816006C022F /* FileManagerViewController.swift in Sources */ = {isa = PBXBuildFile; fileRef = E707721529F1C816006C022F /* FileManagerViewController.swift */; };
		E707721829F1C82A006C022F /* FileManagerModel.swift in Sources */ = {isa = PBXBuildFile; fileRef = E707721729F1C82A006C022F /* FileManagerModel.swift */; };
		E707721A29F1C837006C022F /* FileManagerPresenter.swift in Sources */ = {isa = PBXBuildFile; fileRef = E707721929F1C837006C022F /* FileManagerPresenter.swift */; };
		E707721C29F1C844006C022F /* FileManagerInteractor.swift in Sources */ = {isa = PBXBuildFile; fileRef = E707721B29F1C844006C022F /* FileManagerInteractor.swift */; };
		E707722329F1D840006C022F /* FileManagerAssembler.swift in Sources */ = {isa = PBXBuildFile; fileRef = E707722229F1D840006C022F /* FileManagerAssembler.swift */; };
		E7F108A329FA890200439C4E /* MdFileManager.swift in Sources */ = {isa = PBXBuildFile; fileRef = E7F108A229FA890200439C4E /* MdFileManager.swift */; };
/* End PBXBuildFile section */

/* Begin PBXFileReference section */
		7114C02529EFE1E000E63321 /* swiftgen.sh */ = {isa = PBXFileReference; fileEncoding = 4; lastKnownFileType = text.script.sh; path = swiftgen.sh; sourceTree = "<group>"; };
		7114C02729EFE1F700E63321 /* swiftgen.yml */ = {isa = PBXFileReference; fileEncoding = 4; lastKnownFileType = text.yaml; path = swiftgen.yml; sourceTree = "<group>"; };
		7114C02D29F03C1F00E63321 /* en */ = {isa = PBXFileReference; lastKnownFileType = text.plist.strings; name = en; path = en.lproj/Localizable.strings; sourceTree = "<group>"; };
		7114C03029F03C4000E63321 /* ru */ = {isa = PBXFileReference; lastKnownFileType = text.plist.strings; name = ru; path = ru.lproj/LaunchScreen.strings; sourceTree = "<group>"; };
		7114C03129F03C4100E63321 /* ru */ = {isa = PBXFileReference; lastKnownFileType = text.plist.strings; name = ru; path = ru.lproj/Localizable.strings; sourceTree = "<group>"; };
		7114C03429F03CB700E63321 /* Assets.stencil */ = {isa = PBXFileReference; fileEncoding = 4; lastKnownFileType = text; path = Assets.stencil; sourceTree = "<group>"; };
		7114C03529F03CB700E63321 /* Strings.stencil */ = {isa = PBXFileReference; fileEncoding = 4; lastKnownFileType = text; path = Strings.stencil; sourceTree = "<group>"; };
		71B00C7429EDD7D100D55690 /* MdEditor.app */ = {isa = PBXFileReference; explicitFileType = wrapper.application; includeInIndex = 0; path = MdEditor.app; sourceTree = BUILT_PRODUCTS_DIR; };
		71B00C7729EDD7D100D55690 /* AppDelegate.swift */ = {isa = PBXFileReference; lastKnownFileType = sourcecode.swift; path = AppDelegate.swift; sourceTree = "<group>"; };
		71B00C7929EDD7D100D55690 /* SceneDelegate.swift */ = {isa = PBXFileReference; lastKnownFileType = sourcecode.swift; path = SceneDelegate.swift; sourceTree = "<group>"; };
		71B00C7B29EDD7D100D55690 /* MainViewController.swift */ = {isa = PBXFileReference; lastKnownFileType = sourcecode.swift; path = MainViewController.swift; sourceTree = "<group>"; };
		71B00C8029EDD7D200D55690 /* Assets.xcassets */ = {isa = PBXFileReference; lastKnownFileType = folder.assetcatalog; path = Assets.xcassets; sourceTree = "<group>"; };
		71B00C8329EDD7D200D55690 /* Base */ = {isa = PBXFileReference; lastKnownFileType = file.storyboard; name = Base; path = Base.lproj/LaunchScreen.storyboard; sourceTree = "<group>"; };
		71B00C8529EDD7D200D55690 /* Info.plist */ = {isa = PBXFileReference; lastKnownFileType = text.plist.xml; path = Info.plist; sourceTree = "<group>"; };
		8905DD8A29FBF25300F2CE57 /* ICoordinator.swift */ = {isa = PBXFileReference; lastKnownFileType = sourcecode.swift; path = ICoordinator.swift; sourceTree = "<group>"; };
		8905DD8C29FBF2D100F2CE57 /* AppCoordinator.swift */ = {isa = PBXFileReference; lastKnownFileType = sourcecode.swift; path = AppCoordinator.swift; sourceTree = "<group>"; };
		8905DD8E29FBF30000F2CE57 /* MainCoordinator.swift */ = {isa = PBXFileReference; lastKnownFileType = sourcecode.swift; path = MainCoordinator.swift; sourceTree = "<group>"; };
		8905DD9029FBF51100F2CE57 /* FileManagerCoordinator.swift */ = {isa = PBXFileReference; lastKnownFileType = sourcecode.swift; path = FileManagerCoordinator.swift; sourceTree = "<group>"; };
		895422E729F1AD7E00751559 /* Assets.swift */ = {isa = PBXFileReference; fileEncoding = 4; lastKnownFileType = sourcecode.swift; path = Assets.swift; sourceTree = "<group>"; };
		895422E829F1AD7E00751559 /* Strings.swift */ = {isa = PBXFileReference; fileEncoding = 4; lastKnownFileType = sourcecode.swift; path = Strings.swift; sourceTree = "<group>"; };
		89CF454E2A0524BF0061D44A /* EditFileCoordinator.swift */ = {isa = PBXFileReference; lastKnownFileType = sourcecode.swift; path = EditFileCoordinator.swift; sourceTree = "<group>"; };
		89CF45522A052C280061D44A /* EditFileModel.swift */ = {isa = PBXFileReference; lastKnownFileType = sourcecode.swift; path = EditFileModel.swift; sourceTree = "<group>"; };
		89CF45542A052C8C0061D44A /* EditFileInteractor.swift */ = {isa = PBXFileReference; lastKnownFileType = sourcecode.swift; path = EditFileInteractor.swift; sourceTree = "<group>"; };
		89CF45562A052DAC0061D44A /* EditFilePresenter.swift */ = {isa = PBXFileReference; lastKnownFileType = sourcecode.swift; path = EditFilePresenter.swift; sourceTree = "<group>"; };
		89CF45582A052ED10061D44A /* EditFileViewController.swift */ = {isa = PBXFileReference; lastKnownFileType = sourcecode.swift; path = EditFileViewController.swift; sourceTree = "<group>"; };
		89CF455A2A052FA10061D44A /* EditFileAssembler.swift */ = {isa = PBXFileReference; lastKnownFileType = sourcecode.swift; path = EditFileAssembler.swift; sourceTree = "<group>"; };
		89D6F1D229F127E2004280BB /* MainModel.swift */ = {isa = PBXFileReference; lastKnownFileType = sourcecode.swift; path = MainModel.swift; sourceTree = "<group>"; };
		89D6F1D529F12945004280BB /* MenuItem.swift */ = {isa = PBXFileReference; lastKnownFileType = sourcecode.swift; path = MenuItem.swift; sourceTree = "<group>"; };
		89D6F1D929F1302D004280BB /* MainInteractor.swift */ = {isa = PBXFileReference; lastKnownFileType = sourcecode.swift; path = MainInteractor.swift; sourceTree = "<group>"; };
		89D6F1DB29F130E0004280BB /* MainPresenter.swift */ = {isa = PBXFileReference; lastKnownFileType = sourcecode.swift; path = MainPresenter.swift; sourceTree = "<group>"; };
		89D6F1E129F14BA3004280BB /* MainAssembler.swift */ = {isa = PBXFileReference; lastKnownFileType = sourcecode.swift; path = MainAssembler.swift; sourceTree = "<group>"; };
		89D6F1E329F1596F004280BB /* MenuRepository.swift */ = {isa = PBXFileReference; lastKnownFileType = sourcecode.swift; path = MenuRepository.swift; sourceTree = "<group>"; };
		89DBCC6D2A0FB7BD0078A1BC /* AboutAppInteractor.swift */ = {isa = PBXFileReference; fileEncoding = 4; lastKnownFileType = sourcecode.swift; path = AboutAppInteractor.swift; sourceTree = "<group>"; };
		89DBCC6E2A0FB7BD0078A1BC /* AboutAppAssembler.swift */ = {isa = PBXFileReference; fileEncoding = 4; lastKnownFileType = sourcecode.swift; path = AboutAppAssembler.swift; sourceTree = "<group>"; };
		89DBCC6F2A0FB7BD0078A1BC /* AboutAppViewController.swift */ = {isa = PBXFileReference; fileEncoding = 4; lastKnownFileType = sourcecode.swift; path = AboutAppViewController.swift; sourceTree = "<group>"; };
		89DBCC702A0FB7BD0078A1BC /* AboutAppPresenter.swift */ = {isa = PBXFileReference; fileEncoding = 4; lastKnownFileType = sourcecode.swift; path = AboutAppPresenter.swift; sourceTree = "<group>"; };
		89DBCC712A0FB7BD0078A1BC /* AboutAppModels.swift */ = {isa = PBXFileReference; fileEncoding = 4; lastKnownFileType = sourcecode.swift; path = AboutAppModels.swift; sourceTree = "<group>"; };
		89DBCC722A0FB7BD0078A1BC /* AboutAppCoordinator.swift */ = {isa = PBXFileReference; fileEncoding = 4; lastKnownFileType = sourcecode.swift; path = AboutAppCoordinator.swift; sourceTree = "<group>"; };
		C4B37CCF29F8FF3300777400 /* Extension+UIViewController.swift */ = {isa = PBXFileReference; fileEncoding = 4; lastKnownFileType = sourcecode.swift; path = "Extension+UIViewController.swift"; sourceTree = "<group>"; };
		E0405FDB2A1D101D007C79E2 /* Node.swift */ = {isa = PBXFileReference; lastKnownFileType = sourcecode.swift; path = Node.swift; sourceTree = "<group>"; };
		E0405FDE2A1D1233007C79E2 /* IVisitor.swift */ = {isa = PBXFileReference; lastKnownFileType = sourcecode.swift; path = IVisitor.swift; sourceTree = "<group>"; };
		E0405FE02A1D1258007C79E2 /* Document.swift */ = {isa = PBXFileReference; lastKnownFileType = sourcecode.swift; path = Document.swift; sourceTree = "<group>"; };
		E0405FE22A1D1280007C79E2 /* HeaderNode.swift */ = {isa = PBXFileReference; lastKnownFileType = sourcecode.swift; path = HeaderNode.swift; sourceTree = "<group>"; };
		E0405FE42A1D141D007C79E2 /* CiteNode.swift */ = {isa = PBXFileReference; lastKnownFileType = sourcecode.swift; path = CiteNode.swift; sourceTree = "<group>"; };
		E0405FE72A1D18D3007C79E2 /* ParagraphNode.swift */ = {isa = PBXFileReference; lastKnownFileType = sourcecode.swift; path = ParagraphNode.swift; sourceTree = "<group>"; };
		E0405FEA2A1D1902007C79E2 /* ImageNode.swift */ = {isa = PBXFileReference; lastKnownFileType = sourcecode.swift; path = ImageNode.swift; sourceTree = "<group>"; };
		E0405FEC2A1D1917007C79E2 /* TextNode.swift */ = {isa = PBXFileReference; lastKnownFileType = sourcecode.swift; path = TextNode.swift; sourceTree = "<group>"; };
		E0405FEE2A1D19E7007C79E2 /* Sequense+Joined.swift */ = {isa = PBXFileReference; lastKnownFileType = sourcecode.swift; path = "Sequense+Joined.swift"; sourceTree = "<group>"; };
		E0405FF22A1D3053007C79E2 /* AttributedTextVisitor.swift */ = {isa = PBXFileReference; lastKnownFileType = sourcecode.swift; path = AttributedTextVisitor.swift; sourceTree = "<group>"; };
		E0405FF42A1E11A6007C79E2 /* Lexer.swift */ = {isa = PBXFileReference; lastKnownFileType = sourcecode.swift; path = Lexer.swift; sourceTree = "<group>"; };
		E0405FF62A1E12CD007C79E2 /* Token.swift */ = {isa = PBXFileReference; lastKnownFileType = sourcecode.swift; path = Token.swift; sourceTree = "<group>"; };
		E0405FF82A1E1301007C79E2 /* Text.swift */ = {isa = PBXFileReference; lastKnownFileType = sourcecode.swift; path = Text.swift; sourceTree = "<group>"; };
		E0405FFB2A1F6F34007C79E2 /* Markdown.swift */ = {isa = PBXFileReference; lastKnownFileType = sourcecode.swift; path = Markdown.swift; sourceTree = "<group>"; };
		E0405FFD2A1F733B007C79E2 /* HtmlVisitor.swift */ = {isa = PBXFileReference; lastKnownFileType = sourcecode.swift; path = HtmlVisitor.swift; sourceTree = "<group>"; };
		E0405FFF2A1F7778007C79E2 /* Parser.swift */ = {isa = PBXFileReference; lastKnownFileType = sourcecode.swift; path = Parser.swift; sourceTree = "<group>"; };
		E04593332A05064700D6B533 /* MarkdownСonverter.swift */ = {isa = PBXFileReference; fileEncoding = 4; lastKnownFileType = sourcecode.swift; path = "MarkdownСonverter.swift"; sourceTree = "<group>"; };
		E04593382A05066F00D6B533 /* AboutAppInteractor.swift */ = {isa = PBXFileReference; fileEncoding = 4; lastKnownFileType = sourcecode.swift; path = AboutAppInteractor.swift; sourceTree = "<group>"; };
		E04593392A05066F00D6B533 /* AboutAppViewController.swift */ = {isa = PBXFileReference; fileEncoding = 4; lastKnownFileType = sourcecode.swift; path = AboutAppViewController.swift; sourceTree = "<group>"; };
		E045933A2A05066F00D6B533 /* AboutAppModels.swift */ = {isa = PBXFileReference; fileEncoding = 4; lastKnownFileType = sourcecode.swift; path = AboutAppModels.swift; sourceTree = "<group>"; };
		E045933B2A05067000D6B533 /* AboutAppAssembler.swift */ = {isa = PBXFileReference; fileEncoding = 4; lastKnownFileType = sourcecode.swift; path = AboutAppAssembler.swift; sourceTree = "<group>"; };
		E045933C2A05067000D6B533 /* AboutAppPresenter.swift */ = {isa = PBXFileReference; fileEncoding = 4; lastKnownFileType = sourcecode.swift; path = AboutAppPresenter.swift; sourceTree = "<group>"; };
		E04593462A0699E800D6B533 /* String+RegularExpression.swift */ = {isa = PBXFileReference; lastKnownFileType = sourcecode.swift; path = "String+RegularExpression.swift"; sourceTree = "<group>"; };
		E04593482A06AD4F00D6B533 /* NSRegularExpression+Extension.swift */ = {isa = PBXFileReference; lastKnownFileType = sourcecode.swift; path = "NSRegularExpression+Extension.swift"; sourceTree = "<group>"; };
		E05DD8132A0EAB5500636801 /* AboutAppCoordinator.swift */ = {isa = PBXFileReference; fileEncoding = 4; lastKnownFileType = sourcecode.swift; path = AboutAppCoordinator.swift; sourceTree = "<group>"; };
		E0B100782A1F7C02007C5D2A /* RawAttribitedTextVisitor.swift */ = {isa = PBXFileReference; lastKnownFileType = sourcecode.swift; path = RawAttribitedTextVisitor.swift; sourceTree = "<group>"; };
		E0B7942629F07AF7005ED2FB /* Examples */ = {isa = PBXFileReference; lastKnownFileType = folder; path = Examples; sourceTree = "<group>"; };
		E707721529F1C816006C022F /* FileManagerViewController.swift */ = {isa = PBXFileReference; lastKnownFileType = sourcecode.swift; path = FileManagerViewController.swift; sourceTree = "<group>"; };
		E707721729F1C82A006C022F /* FileManagerModel.swift */ = {isa = PBXFileReference; lastKnownFileType = sourcecode.swift; path = FileManagerModel.swift; sourceTree = "<group>"; };
		E707721929F1C837006C022F /* FileManagerPresenter.swift */ = {isa = PBXFileReference; lastKnownFileType = sourcecode.swift; path = FileManagerPresenter.swift; sourceTree = "<group>"; };
		E707721B29F1C844006C022F /* FileManagerInteractor.swift */ = {isa = PBXFileReference; lastKnownFileType = sourcecode.swift; path = FileManagerInteractor.swift; sourceTree = "<group>"; };
		E707722229F1D840006C022F /* FileManagerAssembler.swift */ = {isa = PBXFileReference; lastKnownFileType = sourcecode.swift; path = FileManagerAssembler.swift; sourceTree = "<group>"; };
		E7F108A229FA890200439C4E /* MdFileManager.swift */ = {isa = PBXFileReference; lastKnownFileType = sourcecode.swift; path = MdFileManager.swift; sourceTree = "<group>"; };
/* End PBXFileReference section */

/* Begin PBXFrameworksBuildPhase section */
		71B00C7129EDD7D100D55690 /* Frameworks */ = {
			isa = PBXFrameworksBuildPhase;
			buildActionMask = 2147483647;
			files = (
				E0B7942429F07A4B005ED2FB /* PinLayout in Frameworks */,
			);
			runOnlyForDeploymentPostprocessing = 0;
		};
/* End PBXFrameworksBuildPhase section */

/* Begin PBXGroup section */
		7114C02429EFE1BA00E63321 /* SwiftGen */ = {
			isa = PBXGroup;
			children = (
				7114C02529EFE1E000E63321 /* swiftgen.sh */,
				7114C03329F03CB700E63321 /* Templates */,
				7114C02729EFE1F700E63321 /* swiftgen.yml */,
			);
			path = SwiftGen;
			sourceTree = "<group>";
		};
		7114C02929F03B4E00E63321 /* Supporting Files */ = {
			isa = PBXGroup;
			children = (
				71B00C8529EDD7D200D55690 /* Info.plist */,
				71B00C8229EDD7D200D55690 /* LaunchScreen.storyboard */,
				7114C03229F03C5E00E63321 /* Autogenerated */,
				7114C02E29F03C1F00E63321 /* Localizable.strings */,
			);
			path = "Supporting Files";
			sourceTree = "<group>";
		};
		7114C03229F03C5E00E63321 /* Autogenerated */ = {
			isa = PBXGroup;
			children = (
				895422E729F1AD7E00751559 /* Assets.swift */,
				895422E829F1AD7E00751559 /* Strings.swift */,
			);
			path = Autogenerated;
			sourceTree = "<group>";
		};
		7114C03329F03CB700E63321 /* Templates */ = {
			isa = PBXGroup;
			children = (
				7114C03429F03CB700E63321 /* Assets.stencil */,
				7114C03529F03CB700E63321 /* Strings.stencil */,
			);
			path = Templates;
			sourceTree = "<group>";
		};
		71B00C6B29EDD7D000D55690 = {
			isa = PBXGroup;
			children = (
				71B00C7629EDD7D100D55690 /* MdEditor */,
				71B00C7529EDD7D100D55690 /* Products */,
				89DBCC6A2A0FB7A70078A1BC /* Recovered References */,
			);
			sourceTree = "<group>";
		};
		71B00C7529EDD7D100D55690 /* Products */ = {
			isa = PBXGroup;
			children = (
				71B00C7429EDD7D100D55690 /* MdEditor.app */,
			);
			name = Products;
			sourceTree = "<group>";
		};
		71B00C7629EDD7D100D55690 /* MdEditor */ = {
			isa = PBXGroup;
			children = (
				89CF45492A0524160061D44A /* Flows */,
				8905DD8929FBF23E00F2CE57 /* Common */,
				E72B81B129F68D2300BF2932 /* Services */,
				89D6F1D429F12937004280BB /* Models */,
				E0B7942529F07A7D005ED2FB /* Assets */,
				7114C02429EFE1BA00E63321 /* SwiftGen */,
				7114C02929F03B4E00E63321 /* Supporting Files */,
				C4B37CCE29F8FF3300777400 /* Extensions */,
				71B00C7929EDD7D100D55690 /* SceneDelegate.swift */,
				71B00C7729EDD7D100D55690 /* AppDelegate.swift */,
			);
			path = MdEditor;
			sourceTree = "<group>";
		};
		8905DD8929FBF23E00F2CE57 /* Common */ = {
			isa = PBXGroup;
			children = (
				8905DD8A29FBF25300F2CE57 /* ICoordinator.swift */,
				8905DD8C29FBF2D100F2CE57 /* AppCoordinator.swift */,
			);
			path = Common;
			sourceTree = "<group>";
		};
		89CF45492A0524160061D44A /* Flows */ = {
			isa = PBXGroup;
			children = (
				89DBCC792A0FC6C20078A1BC /* AboutAppFlow */,
				89CF454D2A0524A20061D44A /* EditFileFlow */,
				89CF454B2A0524420061D44A /* FileManagerFlow */,
				89CF454A2A05241D0061D44A /* MainFlow */,
			);
			path = Flows;
			sourceTree = "<group>";
		};
		89CF454A2A05241D0061D44A /* MainFlow */ = {
			isa = PBXGroup;
			children = (
				E0B7942129F0782A005ED2FB /* MainScene */,
				8905DD8E29FBF30000F2CE57 /* MainCoordinator.swift */,
			);
			path = MainFlow;
			sourceTree = "<group>";
		};
		89CF454B2A0524420061D44A /* FileManagerFlow */ = {
			isa = PBXGroup;
			children = (
				8905DD9029FBF51100F2CE57 /* FileManagerCoordinator.swift */,
				E707721429F1C739006C022F /* FileManagerScene */,
			);
			path = FileManagerFlow;
			sourceTree = "<group>";
		};
		89CF454D2A0524A20061D44A /* EditFileFlow */ = {
			isa = PBXGroup;
			children = (
				89CF45502A052BE70061D44A /* EditFileScene */,
				89CF454E2A0524BF0061D44A /* EditFileCoordinator.swift */,
			);
			path = EditFileFlow;
			sourceTree = "<group>";
		};
		89CF45502A052BE70061D44A /* EditFileScene */ = {
			isa = PBXGroup;
			children = (
				89CF45522A052C280061D44A /* EditFileModel.swift */,
				89CF45542A052C8C0061D44A /* EditFileInteractor.swift */,
				89CF45562A052DAC0061D44A /* EditFilePresenter.swift */,
				89CF45582A052ED10061D44A /* EditFileViewController.swift */,
				89CF455A2A052FA10061D44A /* EditFileAssembler.swift */,
			);
			path = EditFileScene;
			sourceTree = "<group>";
		};
		89D6F1D429F12937004280BB /* Models */ = {
			isa = PBXGroup;
			children = (
				89D6F1D529F12945004280BB /* MenuItem.swift */,
			);
			path = Models;
			sourceTree = "<group>";
		};
		89DBCC6A2A0FB7A70078A1BC /* Recovered References */ = {
			isa = PBXGroup;
			children = (
				E045933C2A05067000D6B533 /* AboutAppPresenter.swift */,
				E045933B2A05067000D6B533 /* AboutAppAssembler.swift */,
				E04593382A05066F00D6B533 /* AboutAppInteractor.swift */,
				E04593392A05066F00D6B533 /* AboutAppViewController.swift */,
				E045933A2A05066F00D6B533 /* AboutAppModels.swift */,
				E05DD8132A0EAB5500636801 /* AboutAppCoordinator.swift */,
			);
			name = "Recovered References";
			sourceTree = "<group>";
		};
		89DBCC6C2A0FB7BD0078A1BC /* AboutAppScene */ = {
			isa = PBXGroup;
			children = (
				89DBCC6D2A0FB7BD0078A1BC /* AboutAppInteractor.swift */,
				89DBCC6E2A0FB7BD0078A1BC /* AboutAppAssembler.swift */,
				89DBCC6F2A0FB7BD0078A1BC /* AboutAppViewController.swift */,
				89DBCC702A0FB7BD0078A1BC /* AboutAppPresenter.swift */,
				89DBCC712A0FB7BD0078A1BC /* AboutAppModels.swift */,
			);
			path = AboutAppScene;
			sourceTree = "<group>";
		};
		89DBCC792A0FC6C20078A1BC /* AboutAppFlow */ = {
			isa = PBXGroup;
			children = (
				89DBCC722A0FB7BD0078A1BC /* AboutAppCoordinator.swift */,
				89DBCC6C2A0FB7BD0078A1BC /* AboutAppScene */,
			);
			path = AboutAppFlow;
			sourceTree = "<group>";
		};
		C4B37CCE29F8FF3300777400 /* Extensions */ = {
			isa = PBXGroup;
			children = (
				C4B37CCF29F8FF3300777400 /* Extension+UIViewController.swift */,
				E04593462A0699E800D6B533 /* String+RegularExpression.swift */,
				E04593482A06AD4F00D6B533 /* NSRegularExpression+Extension.swift */,
				E0405FEE2A1D19E7007C79E2 /* Sequense+Joined.swift */,
			);
			path = Extensions;
			sourceTree = "<group>";
		};
		E0405FDA2A1D100C007C79E2 /* Nodes */ = {
			isa = PBXGroup;
			children = (
				E0405FDD2A1D1215007C79E2 /* Visitor */,
				E0405FDB2A1D101D007C79E2 /* Node.swift */,
				E0405FE02A1D1258007C79E2 /* Document.swift */,
				E0405FE22A1D1280007C79E2 /* HeaderNode.swift */,
				E0405FE42A1D141D007C79E2 /* CiteNode.swift */,
				E0405FE72A1D18D3007C79E2 /* ParagraphNode.swift */,
				E0405FEA2A1D1902007C79E2 /* ImageNode.swift */,
				E0405FEC2A1D1917007C79E2 /* TextNode.swift */,
			);
			path = Nodes;
			sourceTree = "<group>";
		};
		E0405FDD2A1D1215007C79E2 /* Visitor */ = {
			isa = PBXGroup;
			children = (
				E0405FDE2A1D1233007C79E2 /* IVisitor.swift */,
				E0405FF22A1D3053007C79E2 /* AttributedTextVisitor.swift */,
				E0405FFD2A1F733B007C79E2 /* HtmlVisitor.swift */,
				E0B100782A1F7C02007C5D2A /* RawAttribitedTextVisitor.swift */,
			);
			path = Visitor;
			sourceTree = "<group>";
		};
		E0405FFA2A1F6F01007C79E2 /* Markdown */ = {
			isa = PBXGroup;
			children = (
				E0405FF42A1E11A6007C79E2 /* Lexer.swift */,
				E0405FFF2A1F7778007C79E2 /* Parser.swift */,
				E0405FF62A1E12CD007C79E2 /* Token.swift */,
				E0405FF82A1E1301007C79E2 /* Text.swift */,
				E0405FFB2A1F6F34007C79E2 /* Markdown.swift */,
			);
			path = Markdown;
			sourceTree = "<group>";
		};
		E04593302A0504B400D6B533 /* MarkdownConverter */ = {
			isa = PBXGroup;
			children = (
				E04593332A05064700D6B533 /* MarkdownСonverter.swift */,
				E0405FFA2A1F6F01007C79E2 /* Markdown */,
				E0405FDA2A1D100C007C79E2 /* Nodes */,
			);
			path = MarkdownConverter;
			sourceTree = "<group>";
		};
		E0B7942129F0782A005ED2FB /* MainScene */ = {
			isa = PBXGroup;
			children = (
				71B00C7B29EDD7D100D55690 /* MainViewController.swift */,
				89D6F1D929F1302D004280BB /* MainInteractor.swift */,
				89D6F1DB29F130E0004280BB /* MainPresenter.swift */,
				89D6F1D229F127E2004280BB /* MainModel.swift */,
				89D6F1E129F14BA3004280BB /* MainAssembler.swift */,
				89D6F1E329F1596F004280BB /* MenuRepository.swift */,
			);
			path = MainScene;
			sourceTree = "<group>";
		};
		E0B7942529F07A7D005ED2FB /* Assets */ = {
			isa = PBXGroup;
			children = (
				E0B7942629F07AF7005ED2FB /* Examples */,
				71B00C8029EDD7D200D55690 /* Assets.xcassets */,
			);
			path = Assets;
			sourceTree = "<group>";
		};
		E707721429F1C739006C022F /* FileManagerScene */ = {
			isa = PBXGroup;
			children = (
				E707721529F1C816006C022F /* FileManagerViewController.swift */,
				E707721B29F1C844006C022F /* FileManagerInteractor.swift */,
				E707721929F1C837006C022F /* FileManagerPresenter.swift */,
				E707721729F1C82A006C022F /* FileManagerModel.swift */,
				E707722229F1D840006C022F /* FileManagerAssembler.swift */,
			);
			path = FileManagerScene;
			sourceTree = "<group>";
		};
		E72B81B129F68D2300BF2932 /* Services */ = {
			isa = PBXGroup;
			children = (
				E04593302A0504B400D6B533 /* MarkdownConverter */,
				E7F108A229FA890200439C4E /* MdFileManager.swift */,
			);
			path = Services;
			sourceTree = "<group>";
		};
/* End PBXGroup section */

/* Begin PBXNativeTarget section */
		71B00C7329EDD7D100D55690 /* MdEditor */ = {
			isa = PBXNativeTarget;
			buildConfigurationList = 71B00C8829EDD7D200D55690 /* Build configuration list for PBXNativeTarget "MdEditor" */;
			buildPhases = (
				7114C02229EFDF1400E63321 /* Run Script SwiftLint */,
				7114C02329EFE03100E63321 /* Run Script SwiftGen */,
				71B00C7029EDD7D100D55690 /* Sources */,
				71B00C7129EDD7D100D55690 /* Frameworks */,
				71B00C7229EDD7D100D55690 /* Resources */,
			);
			buildRules = (
			);
			dependencies = (
			);
			name = MdEditor;
			packageProductDependencies = (
				E0B7942329F07A4B005ED2FB /* PinLayout */,
			);
			productName = MdEditor;
			productReference = 71B00C7429EDD7D100D55690 /* MdEditor.app */;
			productType = "com.apple.product-type.application";
		};
/* End PBXNativeTarget section */

/* Begin PBXProject section */
		71B00C6C29EDD7D000D55690 /* Project object */ = {
			isa = PBXProject;
			attributes = {
				BuildIndependentTargetsInParallel = 1;
				LastSwiftUpdateCheck = 1420;
				LastUpgradeCheck = 1420;
				TargetAttributes = {
					71B00C7329EDD7D100D55690 = {
						CreatedOnToolsVersion = 14.2;
					};
				};
			};
			buildConfigurationList = 71B00C6F29EDD7D000D55690 /* Build configuration list for PBXProject "MdEditor" */;
			compatibilityVersion = "Xcode 14.0";
			developmentRegion = en;
			hasScannedForEncodings = 0;
			knownRegions = (
				en,
				Base,
				ru,
			);
			mainGroup = 71B00C6B29EDD7D000D55690;
			packageReferences = (
				E0B7942229F07A4B005ED2FB /* XCRemoteSwiftPackageReference "PinLayout" */,
			);
			productRefGroup = 71B00C7529EDD7D100D55690 /* Products */;
			projectDirPath = "";
			projectRoot = "";
			targets = (
				71B00C7329EDD7D100D55690 /* MdEditor */,
			);
		};
/* End PBXProject section */

/* Begin PBXResourcesBuildPhase section */
		71B00C7229EDD7D100D55690 /* Resources */ = {
			isa = PBXResourcesBuildPhase;
			buildActionMask = 2147483647;
			files = (
				71B00C8429EDD7D200D55690 /* LaunchScreen.storyboard in Resources */,
				7114C03729F03CB700E63321 /* Strings.stencil in Resources */,
				7114C02C29F03C1F00E63321 /* Localizable.strings in Resources */,
				7114C02829EFE1F700E63321 /* swiftgen.yml in Resources */,
				71B00C8129EDD7D200D55690 /* Assets.xcassets in Resources */,
				7114C02629EFE1E000E63321 /* swiftgen.sh in Resources */,
				7114C03629F03CB700E63321 /* Assets.stencil in Resources */,
				E0B7942729F07AF7005ED2FB /* Examples in Resources */,
			);
			runOnlyForDeploymentPostprocessing = 0;
		};
/* End PBXResourcesBuildPhase section */

/* Begin PBXShellScriptBuildPhase section */
		7114C02229EFDF1400E63321 /* Run Script SwiftLint */ = {
			isa = PBXShellScriptBuildPhase;
			alwaysOutOfDate = 1;
			buildActionMask = 2147483647;
			files = (
			);
			inputFileListPaths = (
			);
			inputPaths = (
			);
			name = "Run Script SwiftLint";
			outputFileListPaths = (
			);
			outputPaths = (
			);
			runOnlyForDeploymentPostprocessing = 0;
			shellPath = /bin/sh;
			shellScript = "export PATH=\"$PATH:/opt/homebrew/bin\"\nif which swiftlint > /dev/null; then\n  swiftlint\nelse\n  echo \"warning: SwiftLint not installed, download from https://github.com/realm/SwiftLint\"\nfi\n";
		};
		7114C02329EFE03100E63321 /* Run Script SwiftGen */ = {
			isa = PBXShellScriptBuildPhase;
			alwaysOutOfDate = 1;
			buildActionMask = 2147483647;
			files = (
			);
			inputFileListPaths = (
			);
			inputPaths = (
			);
			name = "Run Script SwiftGen";
			outputFileListPaths = (
			);
			outputPaths = (
				"$(SRCROOT)/MdEditor/Supporting Files/Autogenerated/Strings.swift",
				"$(SRCROOT)/MdEditor/Supporting Files/Autogenerated/Assets.swift",
			);
			runOnlyForDeploymentPostprocessing = 0;
			shellPath = /bin/sh;
			shellScript = "MdEditor/SwiftGen/swiftgen.sh\n";
		};
/* End PBXShellScriptBuildPhase section */

/* Begin PBXSourcesBuildPhase section */
		71B00C7029EDD7D100D55690 /* Sources */ = {
			isa = PBXSourcesBuildPhase;
			buildActionMask = 2147483647;
			files = (
				E0B100792A1F7C02007C5D2A /* RawAttribitedTextVisitor.swift in Sources */,
				89D6F1D329F127E2004280BB /* MainModel.swift in Sources */,
				89DBCC752A0FB7BD0078A1BC /* AboutAppViewController.swift in Sources */,
				E0405FDF2A1D1233007C79E2 /* IVisitor.swift in Sources */,
				8905DD8F29FBF30000F2CE57 /* MainCoordinator.swift in Sources */,
				89CF45552A052C8C0061D44A /* EditFileInteractor.swift in Sources */,
				89DBCC782A0FB7BD0078A1BC /* AboutAppCoordinator.swift in Sources */,
				E0405FEB2A1D1902007C79E2 /* ImageNode.swift in Sources */,
				895422E929F1AD7E00751559 /* Assets.swift in Sources */,
				E707721629F1C816006C022F /* FileManagerViewController.swift in Sources */,
				E0405FE52A1D141D007C79E2 /* CiteNode.swift in Sources */,
				E0405FFC2A1F6F34007C79E2 /* Markdown.swift in Sources */,
				E0405FE12A1D1258007C79E2 /* Document.swift in Sources */,
				E707722329F1D840006C022F /* FileManagerAssembler.swift in Sources */,
				89DBCC772A0FB7BD0078A1BC /* AboutAppModels.swift in Sources */,
				89DBCC732A0FB7BD0078A1BC /* AboutAppInteractor.swift in Sources */,
				E707721829F1C82A006C022F /* FileManagerModel.swift in Sources */,
				E0405FF72A1E12CD007C79E2 /* Token.swift in Sources */,
				E0405FE82A1D18D3007C79E2 /* ParagraphNode.swift in Sources */,
				89CF45592A052ED10061D44A /* EditFileViewController.swift in Sources */,
				8905DD8D29FBF2D100F2CE57 /* AppCoordinator.swift in Sources */,
				89DBCC742A0FB7BD0078A1BC /* AboutAppAssembler.swift in Sources */,
				E7F108A329FA890200439C4E /* MdFileManager.swift in Sources */,
				71B00C7C29EDD7D100D55690 /* MainViewController.swift in Sources */,
				E0405FE32A1D1280007C79E2 /* HeaderNode.swift in Sources */,
				89D6F1E229F14BA3004280BB /* MainAssembler.swift in Sources */,
				89CF454F2A0524BF0061D44A /* EditFileCoordinator.swift in Sources */,
				E0405FDC2A1D101D007C79E2 /* Node.swift in Sources */,
				8905DD9129FBF51100F2CE57 /* FileManagerCoordinator.swift in Sources */,
				E0405FED2A1D1917007C79E2 /* TextNode.swift in Sources */,
				E04593472A0699E800D6B533 /* String+RegularExpression.swift in Sources */,
				E04593492A06AD4F00D6B533 /* NSRegularExpression+Extension.swift in Sources */,
				E04593362A05064700D6B533 /* MarkdownСonverter.swift in Sources */,
				C4B37CD029F8FF3300777400 /* Extension+UIViewController.swift in Sources */,
				E0405FF52A1E11A6007C79E2 /* Lexer.swift in Sources */,
				89CF45532A052C280061D44A /* EditFileModel.swift in Sources */,
				E0405FF92A1E1301007C79E2 /* Text.swift in Sources */,
				89D6F1DC29F130E0004280BB /* MainPresenter.swift in Sources */,
				8905DD8B29FBF25300F2CE57 /* ICoordinator.swift in Sources */,
				E0405FEF2A1D19E7007C79E2 /* Sequense+Joined.swift in Sources */,
				89CF455B2A052FA10061D44A /* EditFileAssembler.swift in Sources */,
				71B00C7829EDD7D100D55690 /* AppDelegate.swift in Sources */,
				895422EA29F1AD7E00751559 /* Strings.swift in Sources */,
				71B00C7A29EDD7D100D55690 /* SceneDelegate.swift in Sources */,
				89D6F1E429F1596F004280BB /* MenuRepository.swift in Sources */,
				89D6F1DA29F1302D004280BB /* MainInteractor.swift in Sources */,
				89CF45572A052DAC0061D44A /* EditFilePresenter.swift in Sources */,
				89D6F1D629F12945004280BB /* MenuItem.swift in Sources */,
				E707721C29F1C844006C022F /* FileManagerInteractor.swift in Sources */,
				E707721A29F1C837006C022F /* FileManagerPresenter.swift in Sources */,
				89DBCC762A0FB7BD0078A1BC /* AboutAppPresenter.swift in Sources */,
				E04060002A1F7778007C79E2 /* Parser.swift in Sources */,
				E0405FFE2A1F733B007C79E2 /* HtmlVisitor.swift in Sources */,
				E0405FF32A1D3053007C79E2 /* AttributedTextVisitor.swift in Sources */,
			);
			runOnlyForDeploymentPostprocessing = 0;
		};
/* End PBXSourcesBuildPhase section */

/* Begin PBXVariantGroup section */
		7114C02E29F03C1F00E63321 /* Localizable.strings */ = {
			isa = PBXVariantGroup;
			children = (
				7114C02D29F03C1F00E63321 /* en */,
				7114C03129F03C4100E63321 /* ru */,
			);
			name = Localizable.strings;
			sourceTree = "<group>";
		};
		71B00C8229EDD7D200D55690 /* LaunchScreen.storyboard */ = {
			isa = PBXVariantGroup;
			children = (
				71B00C8329EDD7D200D55690 /* Base */,
				7114C03029F03C4000E63321 /* ru */,
			);
			name = LaunchScreen.storyboard;
			sourceTree = "<group>";
		};
/* End PBXVariantGroup section */

/* Begin XCBuildConfiguration section */
		71B00C8629EDD7D200D55690 /* Debug */ = {
			isa = XCBuildConfiguration;
			buildSettings = {
				ALWAYS_SEARCH_USER_PATHS = NO;
				CLANG_ANALYZER_LOCALIZABILITY_NONLOCALIZED = YES;
				CLANG_ANALYZER_NONNULL = YES;
				CLANG_ANALYZER_NUMBER_OBJECT_CONVERSION = YES_AGGRESSIVE;
				CLANG_CXX_LANGUAGE_STANDARD = "gnu++20";
				CLANG_ENABLE_MODULES = YES;
				CLANG_ENABLE_OBJC_ARC = YES;
				CLANG_ENABLE_OBJC_WEAK = YES;
				CLANG_WARN_BLOCK_CAPTURE_AUTORELEASING = YES;
				CLANG_WARN_BOOL_CONVERSION = YES;
				CLANG_WARN_COMMA = YES;
				CLANG_WARN_CONSTANT_CONVERSION = YES;
				CLANG_WARN_DEPRECATED_OBJC_IMPLEMENTATIONS = YES;
				CLANG_WARN_DIRECT_OBJC_ISA_USAGE = YES_ERROR;
				CLANG_WARN_DOCUMENTATION_COMMENTS = YES;
				CLANG_WARN_EMPTY_BODY = YES;
				CLANG_WARN_ENUM_CONVERSION = YES;
				CLANG_WARN_INFINITE_RECURSION = YES;
				CLANG_WARN_INT_CONVERSION = YES;
				CLANG_WARN_NON_LITERAL_NULL_CONVERSION = YES;
				CLANG_WARN_OBJC_IMPLICIT_RETAIN_SELF = YES;
				CLANG_WARN_OBJC_LITERAL_CONVERSION = YES;
				CLANG_WARN_OBJC_ROOT_CLASS = YES_ERROR;
				CLANG_WARN_QUOTED_INCLUDE_IN_FRAMEWORK_HEADER = YES;
				CLANG_WARN_RANGE_LOOP_ANALYSIS = YES;
				CLANG_WARN_STRICT_PROTOTYPES = YES;
				CLANG_WARN_SUSPICIOUS_MOVE = YES;
				CLANG_WARN_UNGUARDED_AVAILABILITY = YES_AGGRESSIVE;
				CLANG_WARN_UNREACHABLE_CODE = YES;
				CLANG_WARN__DUPLICATE_METHOD_MATCH = YES;
				COPY_PHASE_STRIP = NO;
				DEBUG_INFORMATION_FORMAT = dwarf;
				ENABLE_STRICT_OBJC_MSGSEND = YES;
				ENABLE_TESTABILITY = YES;
				GCC_C_LANGUAGE_STANDARD = gnu11;
				GCC_DYNAMIC_NO_PIC = NO;
				GCC_NO_COMMON_BLOCKS = YES;
				GCC_OPTIMIZATION_LEVEL = 0;
				GCC_PREPROCESSOR_DEFINITIONS = (
					"DEBUG=1",
					"$(inherited)",
				);
				GCC_WARN_64_TO_32_BIT_CONVERSION = YES;
				GCC_WARN_ABOUT_RETURN_TYPE = YES_ERROR;
				GCC_WARN_UNDECLARED_SELECTOR = YES;
				GCC_WARN_UNINITIALIZED_AUTOS = YES_AGGRESSIVE;
				GCC_WARN_UNUSED_FUNCTION = YES;
				GCC_WARN_UNUSED_VARIABLE = YES;
				IPHONEOS_DEPLOYMENT_TARGET = 16.2;
				MTL_ENABLE_DEBUG_INFO = INCLUDE_SOURCE;
				MTL_FAST_MATH = YES;
				ONLY_ACTIVE_ARCH = YES;
				SDKROOT = iphoneos;
				SWIFT_ACTIVE_COMPILATION_CONDITIONS = DEBUG;
				SWIFT_OPTIMIZATION_LEVEL = "-Onone";
			};
			name = Debug;
		};
		71B00C8729EDD7D200D55690 /* Release */ = {
			isa = XCBuildConfiguration;
			buildSettings = {
				ALWAYS_SEARCH_USER_PATHS = NO;
				CLANG_ANALYZER_LOCALIZABILITY_NONLOCALIZED = YES;
				CLANG_ANALYZER_NONNULL = YES;
				CLANG_ANALYZER_NUMBER_OBJECT_CONVERSION = YES_AGGRESSIVE;
				CLANG_CXX_LANGUAGE_STANDARD = "gnu++20";
				CLANG_ENABLE_MODULES = YES;
				CLANG_ENABLE_OBJC_ARC = YES;
				CLANG_ENABLE_OBJC_WEAK = YES;
				CLANG_WARN_BLOCK_CAPTURE_AUTORELEASING = YES;
				CLANG_WARN_BOOL_CONVERSION = YES;
				CLANG_WARN_COMMA = YES;
				CLANG_WARN_CONSTANT_CONVERSION = YES;
				CLANG_WARN_DEPRECATED_OBJC_IMPLEMENTATIONS = YES;
				CLANG_WARN_DIRECT_OBJC_ISA_USAGE = YES_ERROR;
				CLANG_WARN_DOCUMENTATION_COMMENTS = YES;
				CLANG_WARN_EMPTY_BODY = YES;
				CLANG_WARN_ENUM_CONVERSION = YES;
				CLANG_WARN_INFINITE_RECURSION = YES;
				CLANG_WARN_INT_CONVERSION = YES;
				CLANG_WARN_NON_LITERAL_NULL_CONVERSION = YES;
				CLANG_WARN_OBJC_IMPLICIT_RETAIN_SELF = YES;
				CLANG_WARN_OBJC_LITERAL_CONVERSION = YES;
				CLANG_WARN_OBJC_ROOT_CLASS = YES_ERROR;
				CLANG_WARN_QUOTED_INCLUDE_IN_FRAMEWORK_HEADER = YES;
				CLANG_WARN_RANGE_LOOP_ANALYSIS = YES;
				CLANG_WARN_STRICT_PROTOTYPES = YES;
				CLANG_WARN_SUSPICIOUS_MOVE = YES;
				CLANG_WARN_UNGUARDED_AVAILABILITY = YES_AGGRESSIVE;
				CLANG_WARN_UNREACHABLE_CODE = YES;
				CLANG_WARN__DUPLICATE_METHOD_MATCH = YES;
				COPY_PHASE_STRIP = NO;
				DEBUG_INFORMATION_FORMAT = "dwarf-with-dsym";
				ENABLE_NS_ASSERTIONS = NO;
				ENABLE_STRICT_OBJC_MSGSEND = YES;
				GCC_C_LANGUAGE_STANDARD = gnu11;
				GCC_NO_COMMON_BLOCKS = YES;
				GCC_WARN_64_TO_32_BIT_CONVERSION = YES;
				GCC_WARN_ABOUT_RETURN_TYPE = YES_ERROR;
				GCC_WARN_UNDECLARED_SELECTOR = YES;
				GCC_WARN_UNINITIALIZED_AUTOS = YES_AGGRESSIVE;
				GCC_WARN_UNUSED_FUNCTION = YES;
				GCC_WARN_UNUSED_VARIABLE = YES;
				IPHONEOS_DEPLOYMENT_TARGET = 16.2;
				MTL_ENABLE_DEBUG_INFO = NO;
				MTL_FAST_MATH = YES;
				SDKROOT = iphoneos;
				SWIFT_COMPILATION_MODE = wholemodule;
				SWIFT_OPTIMIZATION_LEVEL = "-O";
				VALIDATE_PRODUCT = YES;
			};
			name = Release;
		};
		71B00C8929EDD7D200D55690 /* Debug */ = {
			isa = XCBuildConfiguration;
			buildSettings = {
				ASSETCATALOG_COMPILER_APPICON_NAME = AppIcon;
				ASSETCATALOG_COMPILER_GLOBAL_ACCENT_COLOR_NAME = AccentColor;
				CODE_SIGN_STYLE = Manual;
				CURRENT_PROJECT_VERSION = 1;
				DEVELOPMENT_TEAM = "";
				GENERATE_INFOPLIST_FILE = YES;
				INFOPLIST_FILE = "MdEditor/Supporting Files/Info.plist";
				INFOPLIST_KEY_UIApplicationSupportsIndirectInputEvents = YES;
				INFOPLIST_KEY_UILaunchStoryboardName = LaunchScreen;
				INFOPLIST_KEY_UISupportedInterfaceOrientations = UIInterfaceOrientationPortrait;
				INFOPLIST_KEY_UISupportedInterfaceOrientations_iPad = "UIInterfaceOrientationLandscapeLeft UIInterfaceOrientationLandscapeRight UIInterfaceOrientationPortrait UIInterfaceOrientationPortraitUpsideDown";
				LD_RUNPATH_SEARCH_PATHS = (
					"$(inherited)",
					"@executable_path/Frameworks",
				);
				MARKETING_VERSION = 1.0;
				PRODUCT_BUNDLE_IDENTIFIER = com.ArtemSokolovskiy.MdEditor;
				PRODUCT_NAME = "$(TARGET_NAME)";
				PROVISIONING_PROFILE_SPECIFIER = "";
				SUPPORTED_PLATFORMS = "iphoneos iphonesimulator";
				SUPPORTS_MACCATALYST = NO;
				SUPPORTS_MAC_DESIGNED_FOR_IPHONE_IPAD = NO;
				SWIFT_EMIT_LOC_STRINGS = YES;
				SWIFT_VERSION = 5.0;
				TARGETED_DEVICE_FAMILY = 1;
			};
			name = Debug;
		};
		71B00C8A29EDD7D200D55690 /* Release */ = {
			isa = XCBuildConfiguration;
			buildSettings = {
				ASSETCATALOG_COMPILER_APPICON_NAME = AppIcon;
				ASSETCATALOG_COMPILER_GLOBAL_ACCENT_COLOR_NAME = AccentColor;
				CODE_SIGN_STYLE = Manual;
				CURRENT_PROJECT_VERSION = 1;
				DEVELOPMENT_TEAM = "";
				GENERATE_INFOPLIST_FILE = YES;
				INFOPLIST_FILE = "MdEditor/Supporting Files/Info.plist";
				INFOPLIST_KEY_UIApplicationSupportsIndirectInputEvents = YES;
				INFOPLIST_KEY_UILaunchStoryboardName = LaunchScreen;
				INFOPLIST_KEY_UISupportedInterfaceOrientations = UIInterfaceOrientationPortrait;
				INFOPLIST_KEY_UISupportedInterfaceOrientations_iPad = "UIInterfaceOrientationLandscapeLeft UIInterfaceOrientationLandscapeRight UIInterfaceOrientationPortrait UIInterfaceOrientationPortraitUpsideDown";
				LD_RUNPATH_SEARCH_PATHS = (
					"$(inherited)",
					"@executable_path/Frameworks",
				);
				MARKETING_VERSION = 1.0;
				PRODUCT_BUNDLE_IDENTIFIER = com.ArtemSokolovskiy.MdEditor;
				PRODUCT_NAME = "$(TARGET_NAME)";
				PROVISIONING_PROFILE_SPECIFIER = "";
				SUPPORTED_PLATFORMS = "iphoneos iphonesimulator";
				SUPPORTS_MACCATALYST = NO;
				SUPPORTS_MAC_DESIGNED_FOR_IPHONE_IPAD = NO;
				SWIFT_EMIT_LOC_STRINGS = YES;
				SWIFT_VERSION = 5.0;
				TARGETED_DEVICE_FAMILY = 1;
			};
			name = Release;
		};
/* End XCBuildConfiguration section */

/* Begin XCConfigurationList section */
		71B00C6F29EDD7D000D55690 /* Build configuration list for PBXProject "MdEditor" */ = {
			isa = XCConfigurationList;
			buildConfigurations = (
				71B00C8629EDD7D200D55690 /* Debug */,
				71B00C8729EDD7D200D55690 /* Release */,
			);
			defaultConfigurationIsVisible = 0;
			defaultConfigurationName = Release;
		};
		71B00C8829EDD7D200D55690 /* Build configuration list for PBXNativeTarget "MdEditor" */ = {
			isa = XCConfigurationList;
			buildConfigurations = (
				71B00C8929EDD7D200D55690 /* Debug */,
				71B00C8A29EDD7D200D55690 /* Release */,
			);
			defaultConfigurationIsVisible = 0;
			defaultConfigurationName = Release;
		};
/* End XCConfigurationList section */

/* Begin XCRemoteSwiftPackageReference section */
		E0B7942229F07A4B005ED2FB /* XCRemoteSwiftPackageReference "PinLayout" */ = {
			isa = XCRemoteSwiftPackageReference;
			repositoryURL = "https://github.com/layoutBox/PinLayout";
			requirement = {
				kind = upToNextMajorVersion;
				minimumVersion = 1.0.0;
			};
		};
/* End XCRemoteSwiftPackageReference section */

/* Begin XCSwiftPackageProductDependency section */
		E0B7942329F07A4B005ED2FB /* PinLayout */ = {
			isa = XCSwiftPackageProductDependency;
			package = E0B7942229F07A4B005ED2FB /* XCRemoteSwiftPackageReference "PinLayout" */;
			productName = PinLayout;
		};
/* End XCSwiftPackageProductDependency section */
	};
	rootObject = 71B00C6C29EDD7D000D55690 /* Project object */;
}
